// !$*UTF8*$!
{
	archiveVersion = 1;
	classes = {
	};
	objectVersion = 77;
	objects = {

/* Begin PBXContainerItemProxy section */
		CE1CFC632F6C3055002DE4D3 /* PBXContainerItemProxy */ = {
			isa = PBXContainerItemProxy;
			containerPortal = CE1CFC482F6C3053002DE4D3 /* Project object */;
			proxyType = 1;
			remoteGlobalIDString = CE1CFC4F2F6C3053002DE4D3;
			remoteInfo = DemoMapView;
		};
		CE1CFC6D2F6C3055002DE4D3 /* PBXContainerItemProxy */ = {
			isa = PBXContainerItemProxy;
			containerPortal = CE1CFC482F6C3053002DE4D3 /* Project object */;
			proxyType = 1;
			remoteGlobalIDString = CE1CFC4F2F6C3053002DE4D3;
			remoteInfo = DemoMapView;
		};
/* End PBXContainerItemProxy section */

/* Begin PBXFileReference section */
		CE1CFC502F6C3053002DE4D3 /* DemoMapView.app */ = {isa = PBXFileReference; explicitFileType = wrapper.application; includeInIndex = 0; path = DemoMapView.app; sourceTree = BUILT_PRODUCTS_DIR; };
		CE1CFC622F6C3055002DE4D3 /* DemoMapViewTests.xctest */ = {isa = PBXFileReference; explicitFileType = wrapper.cfbundle; includeInIndex = 0; path = DemoMapViewTests.xctest; sourceTree = BUILT_PRODUCTS_DIR; };
		CE1CFC6C2F6C3055002DE4D3 /* DemoMapViewUITests.xctest */ = {isa = PBXFileReference; explicitFileType = wrapper.cfbundle; includeInIndex = 0; path = DemoMapViewUITests.xctest; sourceTree = BUILT_PRODUCTS_DIR; };
/* End PBXFileReference section */

/* Begin PBXFileSystemSynchronizedRootGroup section */
		CE1CFC522F6C3053002DE4D3 /* DemoMapView */ = {
			isa = PBXFileSystemSynchronizedRootGroup;
			path = DemoMapView;
			sourceTree = "<group>";
		};
		CE1CFC652F6C3055002DE4D3 /* DemoMapViewTests */ = {
			isa = PBXFileSystemSynchronizedRootGroup;
			path = DemoMapViewTests;
			sourceTree = "<group>";
		};
		CE1CFC6F2F6C3055002DE4D3 /* DemoMapViewUITests */ = {
			isa = PBXFileSystemSynchronizedRootGroup;
			path = DemoMapViewUITests;
			sourceTree = "<group>";
		};
/* End PBXFileSystemSynchronizedRootGroup section */

/* Begin PBXFrameworksBuildPhase section */
		CE1CFC4D2F6C3053002DE4D3 /* Frameworks */ = {
			isa = PBXFrameworksBuildPhase;
			buildActionMask = 2147483647;
			files = (
			);
			runOnlyForDeploymentPostprocessing = 0;
		};
		CE1CFC5F2F6C3055002DE4D3 /* Frameworks */ = {
			isa = PBXFrameworksBuildPhase;
			buildActionMask = 2147483647;
			files = (
			);
			runOnlyForDeploymentPostprocessing = 0;
		};
		CE1CFC692F6C3055002DE4D3 /* Frameworks */ = {
			isa = PBXFrameworksBuildPhase;
			buildActionMask = 2147483647;
			files = (
			);
			runOnlyForDeploymentPostprocessing = 0;
		};
/* End PBXFrameworksBuildPhase section */

/* Begin PBXGroup section */
		CE1CFC472F6C3053002DE4D3 = {
			isa = PBXGroup;
			children = (
				CE1CFC522F6C3053002DE4D3 /* DemoMapView */,
				CE1CFC652F6C3055002DE4D3 /* DemoMapViewTests */,
				CE1CFC6F2F6C3055002DE4D3 /* DemoMapViewUITests */,
				CE1CFC512F6C3053002DE4D3 /* Products */,
			);
			sourceTree = "<group>";
		};
		CE1CFC512F6C3053002DE4D3 /* Products */ = {
			isa = PBXGroup;
			children = (
				CE1CFC502F6C3053002DE4D3 /* DemoMapView.app */,
				CE1CFC622F6C3055002DE4D3 /* DemoMapViewTests.xctest */,
				CE1CFC6C2F6C3055002DE4D3 /* DemoMapViewUITests.xctest */,
			);
			name = Products;
			sourceTree = "<group>";
		};
/* End PBXGroup section */

/* Begin PBXNativeTarget section */
		CE1CFC4F2F6C3053002DE4D3 /* DemoMapView */ = {
			isa = PBXNativeTarget;
			buildConfigurationList = CE1CFC762F6C3055002DE4D3 /* Build configuration list for PBXNativeTarget "DemoMapView" */;
			buildPhases = (
				CE1CFC4C2F6C3053002DE4D3 /* Sources */,
				CE1CFC4D2F6C3053002DE4D3 /* Frameworks */,
				CE1CFC4E2F6C3053002DE4D3 /* Resources */,
			);
			buildRules = (
			);
			dependencies = (
			);
			fileSystemSynchronizedGroups = (
				CE1CFC522F6C3053002DE4D3 /* DemoMapView */,
			);
			name = DemoMapView;
			packageProductDependencies = (
			);
			productName = DemoMapView;
			productReference = CE1CFC502F6C3053002DE4D3 /* DemoMapView.app */;
			productType = "com.apple.product-type.application";
		};
		CE1CFC612F6C3055002DE4D3 /* DemoMapViewTests */ = {
			isa = PBXNativeTarget;
			buildConfigurationList = CE1CFC792F6C3055002DE4D3 /* Build configuration list for PBXNativeTarget "DemoMapViewTests" */;
			buildPhases = (
				CE1CFC5E2F6C3055002DE4D3 /* Sources */,
				CE1CFC5F2F6C3055002DE4D3 /* Frameworks */,
				CE1CFC602F6C3055002DE4D3 /* Resources */,
			);
			buildRules = (
			);
			dependencies = (
				CE1CFC642F6C3055002DE4D3 /* PBXTargetDependency */,
			);
			fileSystemSynchronizedGroups = (
				CE1CFC652F6C3055002DE4D3 /* DemoMapViewTests */,
			);
			name = DemoMapViewTests;
			packageProductDependencies = (
			);
			productName = DemoMapViewTests;
			productReference = CE1CFC622F6C3055002DE4D3 /* DemoMapViewTests.xctest */;
			productType = "com.apple.product-type.bundle.unit-test";
		};
		CE1CFC6B2F6C3055002DE4D3 /* DemoMapViewUITests */ = {
			isa = PBXNativeTarget;
			buildConfigurationList = CE1CFC7C2F6C3055002DE4D3 /* Build configuration list for PBXNativeTarget "DemoMapViewUITests" */;
			buildPhases = (
				CE1CFC682F6C3055002DE4D3 /* Sources */,
				CE1CFC692F6C3055002DE4D3 /* Frameworks */,
				CE1CFC6A2F6C3055002DE4D3 /* Resources */,
			);
			buildRules = (
			);
			dependencies = (
				CE1CFC6E2F6C3055002DE4D3 /* PBXTargetDependency */,
			);
			fileSystemSynchronizedGroups = (
				CE1CFC6F2F6C3055002DE4D3 /* DemoMapViewUITests */,
			);
			name = DemoMapViewUITests;
			packageProductDependencies = (
			);
			productName = DemoMapViewUITests;
			productReference = CE1CFC6C2F6C3055002DE4D3 /* DemoMapViewUITests.xctest */;
			productType = "com.apple.product-type.bundle.ui-testing";
		};
/* End PBXNativeTarget section */

/* Begin PBXProject section */
		CE1CFC482F6C3053002DE4D3 /* Project object */ = {
			isa = PBXProject;
			attributes = {
				BuildIndependentTargetsInParallel = 1;
				LastSwiftUpdateCheck = 1620;
				LastUpgradeCheck = 1620;
				TargetAttributes = {
					CE1CFC4F2F6C3053002DE4D3 = {
						CreatedOnToolsVersion = 16.2;
					};
					CE1CFC612F6C3055002DE4D3 = {
						CreatedOnToolsVersion = 16.2;
						TestTargetID = CE1CFC4F2F6C3053002DE4D3;
					};
					CE1CFC6B2F6C3055002DE4D3 = {
						CreatedOnToolsVersion = 16.2;
						TestTargetID = CE1CFC4F2F6C3053002DE4D3;
					};
				};
			};
			buildConfigurationList = CE1CFC4B2F6C3053002DE4D3 /* Build configuration list for PBXProject "DemoMapView" */;
			developmentRegion = en;
			hasScannedForEncodings = 0;
			knownRegions = (
				en,
				Base,
			);
			mainGroup = CE1CFC472F6C3053002DE4D3;
			minimizedProjectReferenceProxies = 1;
			preferredProjectObjectVersion = 77;
			productRefGroup = CE1CFC512F6C3053002DE4D3 /* Products */;
			projectDirPath = "";
			projectRoot = "";
			targets = (
				CE1CFC4F2F6C3053002DE4D3 /* DemoMapView */,
				CE1CFC612F6C3055002DE4D3 /* DemoMapViewTests */,
				CE1CFC6B2F6C3055002DE4D3 /* DemoMapViewUITests */,
			);
		};
/* End PBXProject section */

/* Begin PBXResourcesBuildPhase section */
		CE1CFC4E2F6C3053002DE4D3 /* Resources */ = {
			isa = PBXResourcesBuildPhase;
			buildActionMask = 2147483647;
			files = (
			);
			runOnlyForDeploymentPostprocessing = 0;
		};
		CE1CFC602F6C3055002DE4D3 /* Resources */ = {
			isa = PBXResourcesBuildPhase;
			buildActionMask = 2147483647;
			files = (
			);
			runOnlyForDeploymentPostprocessing = 0;
		};
		CE1CFC6A2F6C3055002DE4D3 /* Resources */ = {
			isa = PBXResourcesBuildPhase;
			buildActionMask = 2147483647;
			files = (
			);
			runOnlyForDeploymentPostprocessing = 0;
		};
/* End PBXResourcesBuildPhase section */

/* Begin PBXSourcesBuildPhase section */
		CE1CFC4C2F6C3053002DE4D3 /* Sources */ = {
			isa = PBXSourcesBuildPhase;
			buildActionMask = 2147483647;
			files = (
			);
			runOnlyForDeploymentPostprocessing = 0;
		};
		CE1CFC5E2F6C3055002DE4D3 /* Sources */ = {
			isa = PBXSourcesBuildPhase;
			buildActionMask = 2147483647;
			files = (
			);
			runOnlyForDeploymentPostprocessing = 0;
		};
		CE1CFC682F6C3055002DE4D3 /* Sources */ = {
			isa = PBXSourcesBuildPhase;
			buildActionMask = 2147483647;
			files = (
			);
			runOnlyForDeploymentPostprocessing = 0;
		};
/* End PBXSourcesBuildPhase section */

/* Begin PBXTargetDependency section */
		CE1CFC642F6C3055002DE4D3 /* PBXTargetDependency */ = {
			isa = PBXTargetDependency;
			target = CE1CFC4F2F6C3053002DE4D3 /* DemoMapView */;
			targetProxy = CE1CFC632F6C3055002DE4D3 /* PBXContainerItemProxy */;
		};
		CE1CFC6E2F6C3055002DE4D3 /* PBXTargetDependency */ = {
			isa = PBXTargetDependency;
			target = CE1CFC4F2F6C3053002DE4D3 /* DemoMapView */;
			targetProxy = CE1CFC6D2F6C3055002DE4D3 /* PBXContainerItemProxy */;
		};
/* End PBXTargetDependency section */

/* Begin XCBuildConfiguration section */
		CE1CFC742F6C3055002DE4D3 /* Debug */ = {
			isa = XCBuildConfiguration;
			buildSettings = {
				ALWAYS_SEARCH_USER_PATHS = NO;
				ASSETCATALOG_COMPILER_GENERATE_SWIFT_ASSET_SYMBOL_EXTENSIONS = YES;
				CLANG_ANALYZER_NONNULL = YES;
				CLANG_ANALYZER_NUMBER_OBJECT_CONVERSION = YES_AGGRESSIVE;
				CLANG_CXX_LANGUAGE_STANDARD = "gnu++20";
				CLANG_ENABLE_MODULES = YES;
				CLANG_ENABLE_OBJC_ARC = YES;
				CLANG_ENABLE_OBJC_WEAK = YES;
				CLANG_WARN_BLOCK_CAPTURE_AUTORELEASING = YES;
				CLANG_WARN_BOOL_CONVERSION = YES;
				CLANG_WARN_COMMA = YES;
				CLANG_WARN_CONSTANT_CONVERSION = YES;
				CLANG_WARN_DEPRECATED_OBJC_IMPLEMENTATIONS = YES;
				CLANG_WARN_DIRECT_OBJC_ISA_USAGE = YES_ERROR;
				CLANG_WARN_DOCUMENTATION_COMMENTS = YES;
				CLANG_WARN_EMPTY_BODY = YES;
				CLANG_WARN_ENUM_CONVERSION = YES;
				CLANG_WARN_INFINITE_RECURSION = YES;
				CLANG_WARN_INT_CONVERSION = YES;
				CLANG_WARN_NON_LITERAL_NULL_CONVERSION = YES;
				CLANG_WARN_OBJC_IMPLICIT_RETAIN_SELF = YES;
				CLANG_WARN_OBJC_LITERAL_CONVERSION = YES;
				CLANG_WARN_OBJC_ROOT_CLASS = YES_ERROR;
				CLANG_WARN_QUOTED_INCLUDE_IN_FRAMEWORK_HEADER = YES;
				CLANG_WARN_RANGE_LOOP_ANALYSIS = YES;
				CLANG_WARN_STRICT_PROTOTYPES = YES;
				CLANG_WARN_SUSPICIOUS_MOVE = YES;
				CLANG_WARN_UNGUARDED_AVAILABILITY = YES_AGGRESSIVE;
				CLANG_WARN_UNREACHABLE_CODE = YES;
				CLANG_WARN__DUPLICATE_METHOD_MATCH = YES;
				COPY_PHASE_STRIP = NO;
				DEBUG_INFORMATION_FORMAT = dwarf;
				ENABLE_STRICT_OBJC_MSGSEND = YES;
				ENABLE_TESTABILITY = YES;
				ENABLE_USER_SCRIPT_SANDBOXING = YES;
				GCC_C_LANGUAGE_STANDARD = gnu17;
				GCC_DYNAMIC_NO_PIC = NO;
				GCC_NO_COMMON_BLOCKS = YES;
				GCC_OPTIMIZATION_LEVEL = 0;
				GCC_PREPROCESSOR_DEFINITIONS = (
					"DEBUG=1",
					"$(inherited)",
				);
				GCC_WARN_64_TO_32_BIT_CONVERSION = YES;
				GCC_WARN_ABOUT_RETURN_TYPE = YES_ERROR;
				GCC_WARN_UNDECLARED_SELECTOR = YES;
				GCC_WARN_UNINITIALIZED_AUTOS = YES_AGGRESSIVE;
				GCC_WARN_UNUSED_FUNCTION = YES;
				GCC_WARN_UNUSED_VARIABLE = YES;
				IPHONEOS_DEPLOYMENT_TARGET = 18.2;
				LOCALIZATION_PREFERS_STRING_CATALOGS = YES;
				MTL_ENABLE_DEBUG_INFO = INCLUDE_SOURCE;
				MTL_FAST_MATH = YES;
				ONLY_ACTIVE_ARCH = YES;
				SDKROOT = iphoneos;
				SWIFT_ACTIVE_COMPILATION_CONDITIONS = "DEBUG $(inherited)";
				SWIFT_OPTIMIZATION_LEVEL = "-Onone";
			};
			name = Debug;
		};
		CE1CFC752F6C3055002DE4D3 /* Release */ = {
			isa = XCBuildConfiguration;
			buildSettings = {
				ALWAYS_SEARCH_USER_PATHS = NO;
				ASSETCATALOG_COMPILER_GENERATE_SWIFT_ASSET_SYMBOL_EXTENSIONS = YES;
				CLANG_ANALYZER_NONNULL = YES;
				CLANG_ANALYZER_NUMBER_OBJECT_CONVERSION = YES_AGGRESSIVE;
				CLANG_CXX_LANGUAGE_STANDARD = "gnu++20";
				CLANG_ENABLE_MODULES = YES;
				CLANG_ENABLE_OBJC_ARC = YES;
				CLANG_ENABLE_OBJC_WEAK = YES;
				CLANG_WARN_BLOCK_CAPTURE_AUTORELEASING = YES;
				CLANG_WARN_BOOL_CONVERSION = YES;
				CLANG_WARN_COMMA = YES;
				CLANG_WARN_CONSTANT_CONVERSION = YES;
				CLANG_WARN_DEPRECATED_OBJC_IMPLEMENTATIONS = YES;
				CLANG_WARN_DIRECT_OBJC_ISA_USAGE = YES_ERROR;
				CLANG_WARN_DOCUMENTATION_COMMENTS = YES;
				CLANG_WARN_EMPTY_BODY = YES;
				CLANG_WARN_ENUM_CONVERSION = YES;
				CLANG_WARN_INFINITE_RECURSION = YES;
				CLANG_WARN_INT_CONVERSION = YES;
				CLANG_WARN_NON_LITERAL_NULL_CONVERSION = YES;
				CLANG_WARN_OBJC_IMPLICIT_RETAIN_SELF = YES;
				CLANG_WARN_OBJC_LITERAL_CONVERSION = YES;
				CLANG_WARN_OBJC_ROOT_CLASS = YES_ERROR;
				CLANG_WARN_QUOTED_INCLUDE_IN_FRAMEWORK_HEADER = YES;
				CLANG_WARN_RANGE_LOOP_ANALYSIS = YES;
				CLANG_WARN_STRICT_PROTOTYPES = YES;
				CLANG_WARN_SUSPICIOUS_MOVE = YES;
				CLANG_WARN_UNGUARDED_AVAILABILITY = YES_AGGRESSIVE;
				CLANG_WARN_UNREACHABLE_CODE = YES;
				CLANG_WARN__DUPLICATE_METHOD_MATCH = YES;
				COPY_PHASE_STRIP = NO;
				DEBUG_INFORMATION_FORMAT = "dwarf-with-dsym";
				ENABLE_NS_ASSERTIONS = NO;
				ENABLE_STRICT_OBJC_MSGSEND = YES;
				ENABLE_USER_SCRIPT_SANDBOXING = YES;
				GCC_C_LANGUAGE_STANDARD = gnu17;
				GCC_NO_COMMON_BLOCKS = YES;
				GCC_WARN_64_TO_32_BIT_CONVERSION = YES;
				GCC_WARN_ABOUT_RETURN_TYPE = YES_ERROR;
				GCC_WARN_UNDECLARED_SELECTOR = YES;
				GCC_WARN_UNINITIALIZED_AUTOS = YES_AGGRESSIVE;
				GCC_WARN_UNUSED_FUNCTION = YES;
				GCC_WARN_UNUSED_VARIABLE = YES;
				IPHONEOS_DEPLOYMENT_TARGET = 18.2;
				LOCALIZATION_PREFERS_STRING_CATALOGS = YES;
				MTL_ENABLE_DEBUG_INFO = NO;
				MTL_FAST_MATH = YES;
				SDKROOT = iphoneos;
				SWIFT_COMPILATION_MODE = wholemodule;
				VALIDATE_PRODUCT = YES;
			};
			name = Release;
		};
		CE1CFC772F6C3055002DE4D3 /* Debug */ = {
			isa = XCBuildConfiguration;
			buildSettings = {
				ASSETCATALOG_COMPILER_APPICON_NAME = AppIcon;
				ASSETCATALOG_COMPILER_GLOBAL_ACCENT_COLOR_NAME = AccentColor;
				CODE_SIGN_STYLE = Automatic;
				CURRENT_PROJECT_VERSION = 1;
				DEVELOPMENT_ASSET_PATHS = "\"DemoMapView/Preview Content\"";
				ENABLE_PREVIEWS = YES;
				GENERATE_INFOPLIST_FILE = YES;
				INFOPLIST_KEY_NSLocationWhenInUseUsageDescription = "We need your location to show it on the map";
				INFOPLIST_KEY_UIApplicationSceneManifest_Generation = YES;
				INFOPLIST_KEY_UIApplicationSupportsIndirectInputEvents = YES;
				INFOPLIST_KEY_UILaunchScreen_Generation = YES;
				INFOPLIST_KEY_UISupportedInterfaceOrientations = UIInterfaceOrientationPortrait;
				INFOPLIST_KEY_UISupportedInterfaceOrientations_iPad = "UIInterfaceOrientationLandscapeLeft UIInterfaceOrientationLandscapeRight UIInterfaceOrientationPortrait UIInterfaceOrientationPortraitUpsideDown";
				LD_RUNPATH_SEARCH_PATHS = (
					"$(inherited)",
					"@executable_path/Frameworks",
				);
				MARKETING_VERSION = 1.0;
				PRODUCT_BUNDLE_IDENTIFIER = user.DemoMapView;
				PRODUCT_NAME = "$(TARGET_NAME)";
				SUPPORTED_PLATFORMS = "iphoneos iphonesimulator";
				SUPPORTS_MACCATALYST = NO;
				SUPPORTS_MAC_DESIGNED_FOR_IPHONE_IPAD = NO;
				SUPPORTS_XR_DESIGNED_FOR_IPHONE_IPAD = NO;
				SWIFT_EMIT_LOC_STRINGS = YES;
				SWIFT_VERSION = 5.0;
				TARGETED_DEVICE_FAMILY = 1;
			};
			name = Debug;
		};
		CE1CFC782F6C3055002DE4D3 /* Release */ = {
			isa = XCBuildConfiguration;
			buildSettings = {
				ASSETCATALOG_COMPILER_APPICON_NAME = AppIcon;
				ASSETCATALOG_COMPILER_GLOBAL_ACCENT_COLOR_NAME = AccentColor;
				CODE_SIGN_STYLE = Automatic;
				CURRENT_PROJECT_VERSION = 1;
				DEVELOPMENT_ASSET_PATHS = "\"DemoMapView/Preview Content\"";
				ENABLE_PREVIEWS = YES;
				GENERATE_INFOPLIST_FILE = YES;
				INFOPLIST_KEY_NSLocationWhenInUseUsageDescription = "We need your location to show it on the map";
				INFOPLIST_KEY_UIApplicationSceneManifest_Generation = YES;
				INFOPLIST_KEY_UIApplicationSupportsIndirectInputEvents = YES;
				INFOPLIST_KEY_UILaunchScreen_Generation = YES;
				INFOPLIST_KEY_UISupportedInterfaceOrientations = UIInterfaceOrientationPortrait;
				INFOPLIST_KEY_UISupportedInterfaceOrientations_iPad = "UIInterfaceOrientationLandscapeLeft UIInterfaceOrientationLandscapeRight UIInterfaceOrientationPortrait UIInterfaceOrientationPortraitUpsideDown";
				LD_RUNPATH_SEARCH_PATHS = (
					"$(inherited)",
					"@executable_path/Frameworks",
				);
				MARKETING_VERSION = 1.0;
				PRODUCT_BUNDLE_IDENTIFIER = user.DemoMapView;
				PRODUCT_NAME = "$(TARGET_NAME)";
				SUPPORTED_PLATFORMS = "iphoneos iphonesimulator";
				SUPPORTS_MACCATALYST = NO;
				SUPPORTS_MAC_DESIGNED_FOR_IPHONE_IPAD = NO;
				SUPPORTS_XR_DESIGNED_FOR_IPHONE_IPAD = NO;
				SWIFT_EMIT_LOC_STRINGS = YES;
				SWIFT_VERSION = 5.0;
				TARGETED_DEVICE_FAMILY = 1;
			};
			name = Release;
		};
		CE1CFC7A2F6C3055002DE4D3 /* Debug */ = {
			isa = XCBuildConfiguration;
			buildSettings = {
				BUNDLE_LOADER = "$(TEST_HOST)";
				CODE_SIGN_STYLE = Automatic;
				CURRENT_PROJECT_VERSION = 1;
				GENERATE_INFOPLIST_FILE = YES;
				IPHONEOS_DEPLOYMENT_TARGET = 18.2;
				MARKETING_VERSION = 1.0;
				PRODUCT_BUNDLE_IDENTIFIER = user.DemoMapViewTests;
				PRODUCT_NAME = "$(TARGET_NAME)";
				SWIFT_EMIT_LOC_STRINGS = NO;
				SWIFT_VERSION = 5.0;
				TARGETED_DEVICE_FAMILY = "1,2";
				TEST_HOST = "$(BUILT_PRODUCTS_DIR)/DemoMapView.app/$(BUNDLE_EXECUTABLE_FOLDER_PATH)/DemoMapView";
			};
			name = Debug;
		};
		CE1CFC7B2F6C3055002DE4D3 /* Release */ = {
			isa = XCBuildConfiguration;
			buildSettings = {
				BUNDLE_LOADER = "$(TEST_HOST)";
				CODE_SIGN_STYLE = Automatic;
				CURRENT_PROJECT_VERSION = 1;
				GENERATE_INFOPLIST_FILE = YES;
				IPHONEOS_DEPLOYMENT_TARGET = 18.2;
				MARKETING_VERSION = 1.0;
				PRODUCT_BUNDLE_IDENTIFIER = user.DemoMapViewTests;
				PRODUCT_NAME = "$(TARGET_NAME)";
				SWIFT_EMIT_LOC_STRINGS = NO;
				SWIFT_VERSION = 5.0;
				TARGETED_DEVICE_FAMILY = "1,2";
				TEST_HOST = "$(BUILT_PRODUCTS_DIR)/DemoMapView.app/$(BUNDLE_EXECUTABLE_FOLDER_PATH)/DemoMapView";
			};
			name = Release;
		};
		CE1CFC7D2F6C3055002DE4D3 /* Debug */ = {
			isa = XCBuildConfiguration;
			buildSettings = {
				CODE_SIGN_STYLE = Automatic;
				CURRENT_PROJECT_VERSION = 1;
				GENERATE_INFOPLIST_FILE = YES;
				MARKETING_VERSION = 1.0;
				PRODUCT_BUNDLE_IDENTIFIER = user.DemoMapViewUITests;
				PRODUCT_NAME = "$(TARGET_NAME)";
				SWIFT_EMIT_LOC_STRINGS = NO;
				SWIFT_VERSION = 5.0;
				TARGETED_DEVICE_FAMILY = "1,2";
				TEST_TARGET_NAME = DemoMapView;
			};
			name = Debug;
		};
		CE1CFC7E2F6C3055002DE4D3 /* Release */ = {
			isa = XCBuildConfiguration;
			buildSettings = {
				CODE_SIGN_STYLE = Automatic;
				CURRENT_PROJECT_VERSION = 1;
				GENERATE_INFOPLIST_FILE = YES;
				MARKETING_VERSION = 1.0;
				PRODUCT_BUNDLE_IDENTIFIER = user.DemoMapViewUITests;
				PRODUCT_NAME = "$(TARGET_NAME)";
				SWIFT_EMIT_LOC_STRINGS = NO;
				SWIFT_VERSION = 5.0;
				TARGETED_DEVICE_FAMILY = "1,2";
				TEST_TARGET_NAME = DemoMapView;
			};
			name = Release;
		};
/* End XCBuildConfiguration section */

/* Begin XCConfigurationList section */
		CE1CFC4B2F6C3053002DE4D3 /* Build configuration list for PBXProject "DemoMapView" */ = {
			isa = XCConfigurationList;
			buildConfigurations = (
				CE1CFC742F6C3055002DE4D3 /* Debug */,
				CE1CFC752F6C3055002DE4D3 /* Release */,
			);
			defaultConfigurationIsVisible = 0;
			defaultConfigurationName = Release;
		};
		CE1CFC762F6C3055002DE4D3 /* Build configuration list for PBXNativeTarget "DemoMapView" */ = {
			isa = XCConfigurationList;
			buildConfigurations = (
				CE1CFC772F6C3055002DE4D3 /* Debug */,
				CE1CFC782F6C3055002DE4D3 /* Release */,
			);
			defaultConfigurationIsVisible = 0;
			defaultConfigurationName = Release;
		};
		CE1CFC792F6C3055002DE4D3 /* Build configuration list for PBXNativeTarget "DemoMapViewTests" */ = {
			isa = XCConfigurationList;
			buildConfigurations = (
				CE1CFC7A2F6C3055002DE4D3 /* Debug */,
				CE1CFC7B2F6C3055002DE4D3 /* Release */,
			);
			defaultConfigurationIsVisible = 0;
			defaultConfigurationName = Release;
		};
		CE1CFC7C2F6C3055002DE4D3 /* Build configuration list for PBXNativeTarget "DemoMapViewUITests" */ = {
			isa = XCConfigurationList;
			buildConfigurations = (
				CE1CFC7D2F6C3055002DE4D3 /* Debug */,
				CE1CFC7E2F6C3055002DE4D3 /* Release */,
			);
			defaultConfigurationIsVisible = 0;
			defaultConfigurationName = Release;
		};
/* End XCConfigurationList section */
	};
	rootObject = CE1CFC482F6C3053002DE4D3 /* Project object */;
}
