// !$*UTF8*$!
{
	archiveVersion = 1;
	classes = {
	};
	objectVersion = 77;
	objects = {

/* Begin PBXContainerItemProxy section */
		CE50F2262F6432870020C643 /* PBXContainerItemProxy */ = {
			isa = PBXContainerItemProxy;
			containerPortal = CE50F20D2F6432850020C643 /* Project object */;
			proxyType = 1;
			remoteGlobalIDString = CE50F2142F6432850020C643;
			remoteInfo = VenuesApp;
		};
		CE50F2302F6432870020C643 /* PBXContainerItemProxy */ = {
			isa = PBXContainerItemProxy;
			containerPortal = CE50F20D2F6432850020C643 /* Project object */;
			proxyType = 1;
			remoteGlobalIDString = CE50F2142F6432850020C643;
			remoteInfo = VenuesApp;
		};
/* End PBXContainerItemProxy section */

/* Begin PBXFileReference section */
		CE50F2152F6432850020C643 /* VenuesApp.app */ = {isa = PBXFileReference; explicitFileType = wrapper.application; includeInIndex = 0; path = VenuesApp.app; sourceTree = BUILT_PRODUCTS_DIR; };
		CE50F2252F6432870020C643 /* VenuesAppTests.xctest */ = {isa = PBXFileReference; explicitFileType = wrapper.cfbundle; includeInIndex = 0; path = VenuesAppTests.xctest; sourceTree = BUILT_PRODUCTS_DIR; };
		CE50F22F2F6432870020C643 /* VenuesAppUITests.xctest */ = {isa = PBXFileReference; explicitFileType = wrapper.cfbundle; includeInIndex = 0; path = VenuesAppUITests.xctest; sourceTree = BUILT_PRODUCTS_DIR; };
/* End PBXFileReference section */

/* Begin PBXFileSystemSynchronizedBuildFileExceptionSet section */
		1882558C2F68380D00E8054A /* Exceptions for "VenuesAppTests" folder in "VenuesApp" target */ = {
			isa = PBXFileSystemSynchronizedBuildFileExceptionSet;
			membershipExceptions = (
				Mock/MockVenueUseCase.swift,
			);
			target = CE50F2142F6432850020C643 /* VenuesApp */;
		};
		1882558D2F68381B00E8054A /* Exceptions for "VenuesAppTests" folder in "VenuesAppTests" target */ = {
			isa = PBXFileSystemSynchronizedBuildFileExceptionSet;
			membershipExceptions = (
				Mock/MockVenueUseCase.swift,
			);
			target = CE50F2242F6432870020C643 /* VenuesAppTests */;
		};
		18BABFD62F65374200146AE9 /* Exceptions for "VenuesApp" folder in "VenuesAppTests" target */ = {
			isa = PBXFileSystemSynchronizedBuildFileExceptionSet;
			membershipExceptions = (
				Data/Mock/MockVenueService.swift,
				Data/Network/APIEndPoint.swift,
				Domain/Entities/Venue.swift,
			);
			target = CE50F2242F6432870020C643 /* VenuesAppTests */;
		};
		18BAC0B72F65472E00146AE9 /* Exceptions for "VenuesApp" folder in "VenuesApp" target */ = {
			isa = PBXFileSystemSynchronizedBuildFileExceptionSet;
			membershipExceptions = (
				Info.plist,
			);
			target = CE50F2142F6432850020C643 /* VenuesApp */;
		};
/* End PBXFileSystemSynchronizedBuildFileExceptionSet section */

/* Begin PBXFileSystemSynchronizedRootGroup section */
		18BABF9D2F652F5B00146AE9 /* VenuesApp */ = {
			isa = PBXFileSystemSynchronizedRootGroup;
			exceptions = (
				18BAC0B72F65472E00146AE9 /* Exceptions for "VenuesApp" folder in "VenuesApp" target */,
				18BABFD62F65374200146AE9 /* Exceptions for "VenuesApp" folder in "VenuesAppTests" target */,
			);
			path = VenuesApp;
			sourceTree = "<group>";
		};
		CE50F2282F6432870020C643 /* VenuesAppTests */ = {
			isa = PBXFileSystemSynchronizedRootGroup;
			exceptions = (
				1882558C2F68380D00E8054A /* Exceptions for "VenuesAppTests" folder in "VenuesApp" target */,
				1882558D2F68381B00E8054A /* Exceptions for "VenuesAppTests" folder in "VenuesAppTests" target */,
			);
			path = VenuesAppTests;
			sourceTree = "<group>";
		};
		CE50F2322F6432870020C643 /* VenuesAppUITests */ = {
			isa = PBXFileSystemSynchronizedRootGroup;
			path = VenuesAppUITests;
			sourceTree = "<group>";
		};
/* End PBXFileSystemSynchronizedRootGroup section */

/* Begin PBXFrameworksBuildPhase section */
		CE50F2122F6432850020C643 /* Frameworks */ = {
			isa = PBXFrameworksBuildPhase;
			buildActionMask = 2147483647;
			files = (
			);
			runOnlyForDeploymentPostprocessing = 0;
		};
		CE50F2222F6432870020C643 /* Frameworks */ = {
			isa = PBXFrameworksBuildPhase;
			buildActionMask = 2147483647;
			files = (
			);
			runOnlyForDeploymentPostprocessing = 0;
		};
		CE50F22C2F6432870020C643 /* Frameworks */ = {
			isa = PBXFrameworksBuildPhase;
			buildActionMask = 2147483647;
			files = (
			);
			runOnlyForDeploymentPostprocessing = 0;
		};
/* End PBXFrameworksBuildPhase section */

/* Begin PBXGroup section */
		CE50F20C2F6432850020C643 = {
			isa = PBXGroup;
			children = (
				18BABF9D2F652F5B00146AE9 /* VenuesApp */,
				CE50F2282F6432870020C643 /* VenuesAppTests */,
				CE50F2322F6432870020C643 /* VenuesAppUITests */,
				CE50F2162F6432850020C643 /* Products */,
			);
			sourceTree = "<group>";
		};
		CE50F2162F6432850020C643 /* Products */ = {
			isa = PBXGroup;
			children = (
				CE50F2152F6432850020C643 /* VenuesApp.app */,
				CE50F2252F6432870020C643 /* VenuesAppTests.xctest */,
				CE50F22F2F6432870020C643 /* VenuesAppUITests.xctest */,
			);
			name = Products;
			sourceTree = "<group>";
		};
/* End PBXGroup section */

/* Begin PBXNativeTarget section */
		CE50F2142F6432850020C643 /* VenuesApp */ = {
			isa = PBXNativeTarget;
			buildConfigurationList = CE50F2392F6432870020C643 /* Build configuration list for PBXNativeTarget "VenuesApp" */;
			buildPhases = (
				CE50F2112F6432850020C643 /* Sources */,
				CE50F2122F6432850020C643 /* Frameworks */,
				CE50F2132F6432850020C643 /* Resources */,
			);
			buildRules = (
			);
			dependencies = (
			);
			fileSystemSynchronizedGroups = (
				18BABF9D2F652F5B00146AE9 /* VenuesApp */,
			);
			name = VenuesApp;
			packageProductDependencies = (
			);
			productName = VenuesApp;
			productReference = CE50F2152F6432850020C643 /* VenuesApp.app */;
			productType = "com.apple.product-type.application";
		};
		CE50F2242F6432870020C643 /* VenuesAppTests */ = {
			isa = PBXNativeTarget;
			buildConfigurationList = CE50F23C2F6432870020C643 /* Build configuration list for PBXNativeTarget "VenuesAppTests" */;
			buildPhases = (
				CE50F2212F6432870020C643 /* Sources */,
				CE50F2222F6432870020C643 /* Frameworks */,
				CE50F2232F6432870020C643 /* Resources */,
			);
			buildRules = (
			);
			dependencies = (
				CE50F2272F6432870020C643 /* PBXTargetDependency */,
			);
			fileSystemSynchronizedGroups = (
				CE50F2282F6432870020C643 /* VenuesAppTests */,
			);
			name = VenuesAppTests;
			packageProductDependencies = (
			);
			productName = VenuesAppTests;
			productReference = CE50F2252F6432870020C643 /* VenuesAppTests.xctest */;
			productType = "com.apple.product-type.bundle.unit-test";
		};
		CE50F22E2F6432870020C643 /* VenuesAppUITests */ = {
			isa = PBXNativeTarget;
			buildConfigurationList = CE50F23F2F6432870020C643 /* Build configuration list for PBXNativeTarget "VenuesAppUITests" */;
			buildPhases = (
				CE50F22B2F6432870020C643 /* Sources */,
				CE50F22C2F6432870020C643 /* Frameworks */,
				CE50F22D2F6432870020C643 /* Resources */,
			);
			buildRules = (
			);
			dependencies = (
				CE50F2312F6432870020C643 /* PBXTargetDependency */,
			);
			fileSystemSynchronizedGroups = (
				CE50F2322F6432870020C643 /* VenuesAppUITests */,
			);
			name = VenuesAppUITests;
			packageProductDependencies = (
			);
			productName = VenuesAppUITests;
			productReference = CE50F22F2F6432870020C643 /* VenuesAppUITests.xctest */;
			productType = "com.apple.product-type.bundle.ui-testing";
		};
/* End PBXNativeTarget section */

/* Begin PBXProject section */
		CE50F20D2F6432850020C643 /* Project object */ = {
			isa = PBXProject;
			attributes = {
				BuildIndependentTargetsInParallel = 1;
				LastSwiftUpdateCheck = 1620;
				LastUpgradeCheck = 1620;
				TargetAttributes = {
					CE50F2142F6432850020C643 = {
						CreatedOnToolsVersion = 16.2;
					};
					CE50F2242F6432870020C643 = {
						CreatedOnToolsVersion = 16.2;
						TestTargetID = CE50F2142F6432850020C643;
					};
					CE50F22E2F6432870020C643 = {
						CreatedOnToolsVersion = 16.2;
						TestTargetID = CE50F2142F6432850020C643;
					};
				};
			};
			buildConfigurationList = CE50F2102F6432850020C643 /* Build configuration list for PBXProject "VenuesApp" */;
			developmentRegion = en;
			hasScannedForEncodings = 0;
			knownRegions = (
				en,
				Base,
			);
			mainGroup = CE50F20C2F6432850020C643;
			minimizedProjectReferenceProxies = 1;
			preferredProjectObjectVersion = 77;
			productRefGroup = CE50F2162F6432850020C643 /* Products */;
			projectDirPath = "";
			projectRoot = "";
			targets = (
				CE50F2142F6432850020C643 /* VenuesApp */,
				CE50F2242F6432870020C643 /* VenuesAppTests */,
				CE50F22E2F6432870020C643 /* VenuesAppUITests */,
			);
		};
/* End PBXProject section */

/* Begin PBXResourcesBuildPhase section */
		CE50F2132F6432850020C643 /* Resources */ = {
			isa = PBXResourcesBuildPhase;
			buildActionMask = 2147483647;
			files = (
			);
			runOnlyForDeploymentPostprocessing = 0;
		};
		CE50F2232F6432870020C643 /* Resources */ = {
			isa = PBXResourcesBuildPhase;
			buildActionMask = 2147483647;
			files = (
			);
			runOnlyForDeploymentPostprocessing = 0;
		};
		CE50F22D2F6432870020C643 /* Resources */ = {
			isa = PBXResourcesBuildPhase;
			buildActionMask = 2147483647;
			files = (
			);
			runOnlyForDeploymentPostprocessing = 0;
		};
/* End PBXResourcesBuildPhase section */

/* Begin PBXSourcesBuildPhase section */
		CE50F2112F6432850020C643 /* Sources */ = {
			isa = PBXSourcesBuildPhase;
			buildActionMask = 2147483647;
			files = (
			);
			runOnlyForDeploymentPostprocessing = 0;
		};
		CE50F2212F6432870020C643 /* Sources */ = {
			isa = PBXSourcesBuildPhase;
			buildActionMask = 2147483647;
			files = (
			);
			runOnlyForDeploymentPostprocessing = 0;
		};
		CE50F22B2F6432870020C643 /* Sources */ = {
			isa = PBXSourcesBuildPhase;
			buildActionMask = 2147483647;
			files = (
			);
			runOnlyForDeploymentPostprocessing = 0;
		};
/* End PBXSourcesBuildPhase section */

/* Begin PBXTargetDependency section */
		CE50F2272F6432870020C643 /* PBXTargetDependency */ = {
			isa = PBXTargetDependency;
			target = CE50F2142F6432850020C643 /* VenuesApp */;
			targetProxy = CE50F2262F6432870020C643 /* PBXContainerItemProxy */;
		};
		CE50F2312F6432870020C643 /* PBXTargetDependency */ = {
			isa = PBXTargetDependency;
			target = CE50F2142F6432850020C643 /* VenuesApp */;
			targetProxy = CE50F2302F6432870020C643 /* PBXContainerItemProxy */;
		};
/* End PBXTargetDependency section */

/* Begin XCBuildConfiguration section */
		CE50F2372F6432870020C643 /* Debug */ = {
			isa = XCBuildConfiguration;
			buildSettings = {
				ALWAYS_SEARCH_USER_PATHS = NO;
				ASSETCATALOG_COMPILER_GENERATE_SWIFT_ASSET_SYMBOL_EXTENSIONS = YES;
				CLANG_ANALYZER_NONNULL = YES;
				CLANG_ANALYZER_NUMBER_OBJECT_CONVERSION = YES_AGGRESSIVE;
				CLANG_CXX_LANGUAGE_STANDARD = "gnu++20";
				CLANG_ENABLE_MODULES = YES;
				CLANG_ENABLE_OBJC_ARC = YES;
				CLANG_ENABLE_OBJC_WEAK = YES;
				CLANG_WARN_BLOCK_CAPTURE_AUTORELEASING = YES;
				CLANG_WARN_BOOL_CONVERSION = YES;
				CLANG_WARN_COMMA = YES;
				CLANG_WARN_CONSTANT_CONVERSION = YES;
				CLANG_WARN_DEPRECATED_OBJC_IMPLEMENTATIONS = YES;
				CLANG_WARN_DIRECT_OBJC_ISA_USAGE = YES_ERROR;
				CLANG_WARN_DOCUMENTATION_COMMENTS = YES;
				CLANG_WARN_EMPTY_BODY = YES;
				CLANG_WARN_ENUM_CONVERSION = YES;
				CLANG_WARN_INFINITE_RECURSION = YES;
				CLANG_WARN_INT_CONVERSION = YES;
				CLANG_WARN_NON_LITERAL_NULL_CONVERSION = YES;
				CLANG_WARN_OBJC_IMPLICIT_RETAIN_SELF = YES;
				CLANG_WARN_OBJC_LITERAL_CONVERSION = YES;
				CLANG_WARN_OBJC_ROOT_CLASS = YES_ERROR;
				CLANG_WARN_QUOTED_INCLUDE_IN_FRAMEWORK_HEADER = YES;
				CLANG_WARN_RANGE_LOOP_ANALYSIS = YES;
				CLANG_WARN_STRICT_PROTOTYPES = YES;
				CLANG_WARN_SUSPICIOUS_MOVE = YES;
				CLANG_WARN_UNGUARDED_AVAILABILITY = YES_AGGRESSIVE;
				CLANG_WARN_UNREACHABLE_CODE = YES;
				CLANG_WARN__DUPLICATE_METHOD_MATCH = YES;
				COPY_PHASE_STRIP = NO;
				DEBUG_INFORMATION_FORMAT = dwarf;
				ENABLE_STRICT_OBJC_MSGSEND = YES;
				ENABLE_TESTABILITY = YES;
				ENABLE_USER_SCRIPT_SANDBOXING = YES;
				GCC_C_LANGUAGE_STANDARD = gnu17;
				GCC_DYNAMIC_NO_PIC = NO;
				GCC_NO_COMMON_BLOCKS = YES;
				GCC_OPTIMIZATION_LEVEL = 0;
				GCC_PREPROCESSOR_DEFINITIONS = (
					"DEBUG=1",
					"$(inherited)",
				);
				GCC_WARN_64_TO_32_BIT_CONVERSION = YES;
				GCC_WARN_ABOUT_RETURN_TYPE = YES_ERROR;
				GCC_WARN_UNDECLARED_SELECTOR = YES;
				GCC_WARN_UNINITIALIZED_AUTOS = YES_AGGRESSIVE;
				GCC_WARN_UNUSED_FUNCTION = YES;
				GCC_WARN_UNUSED_VARIABLE = YES;
				IPHONEOS_DEPLOYMENT_TARGET = 18.2;
				LOCALIZATION_PREFERS_STRING_CATALOGS = YES;
				MTL_ENABLE_DEBUG_INFO = INCLUDE_SOURCE;
				MTL_FAST_MATH = YES;
				ONLY_ACTIVE_ARCH = YES;
				SDKROOT = iphoneos;
				SWIFT_ACTIVE_COMPILATION_CONDITIONS = "DEBUG $(inherited)";
				SWIFT_OPTIMIZATION_LEVEL = "-Onone";
			};
			name = Debug;
		};
		CE50F2382F6432870020C643 /* Release */ = {
			isa = XCBuildConfiguration;
			buildSettings = {
				ALWAYS_SEARCH_USER_PATHS = NO;
				ASSETCATALOG_COMPILER_GENERATE_SWIFT_ASSET_SYMBOL_EXTENSIONS = YES;
				CLANG_ANALYZER_NONNULL = YES;
				CLANG_ANALYZER_NUMBER_OBJECT_CONVERSION = YES_AGGRESSIVE;
				CLANG_CXX_LANGUAGE_STANDARD = "gnu++20";
				CLANG_ENABLE_MODULES = YES;
				CLANG_ENABLE_OBJC_ARC = YES;
				CLANG_ENABLE_OBJC_WEAK = YES;
				CLANG_WARN_BLOCK_CAPTURE_AUTORELEASING = YES;
				CLANG_WARN_BOOL_CONVERSION = YES;
				CLANG_WARN_COMMA = YES;
				CLANG_WARN_CONSTANT_CONVERSION = YES;
				CLANG_WARN_DEPRECATED_OBJC_IMPLEMENTATIONS = YES;
				CLANG_WARN_DIRECT_OBJC_ISA_USAGE = YES_ERROR;
				CLANG_WARN_DOCUMENTATION_COMMENTS = YES;
				CLANG_WARN_EMPTY_BODY = YES;
				CLANG_WARN_ENUM_CONVERSION = YES;
				CLANG_WARN_INFINITE_RECURSION = YES;
				CLANG_WARN_INT_CONVERSION = YES;
				CLANG_WARN_NON_LITERAL_NULL_CONVERSION = YES;
				CLANG_WARN_OBJC_IMPLICIT_RETAIN_SELF = YES;
				CLANG_WARN_OBJC_LITERAL_CONVERSION = YES;
				CLANG_WARN_OBJC_ROOT_CLASS = YES_ERROR;
				CLANG_WARN_QUOTED_INCLUDE_IN_FRAMEWORK_HEADER = YES;
				CLANG_WARN_RANGE_LOOP_ANALYSIS = YES;
				CLANG_WARN_STRICT_PROTOTYPES = YES;
				CLANG_WARN_SUSPICIOUS_MOVE = YES;
				CLANG_WARN_UNGUARDED_AVAILABILITY = YES_AGGRESSIVE;
				CLANG_WARN_UNREACHABLE_CODE = YES;
				CLANG_WARN__DUPLICATE_METHOD_MATCH = YES;
				COPY_PHASE_STRIP = NO;
				DEBUG_INFORMATION_FORMAT = "dwarf-with-dsym";
				ENABLE_NS_ASSERTIONS = NO;
				ENABLE_STRICT_OBJC_MSGSEND = YES;
				ENABLE_USER_SCRIPT_SANDBOXING = YES;
				GCC_C_LANGUAGE_STANDARD = gnu17;
				GCC_NO_COMMON_BLOCKS = YES;
				GCC_WARN_64_TO_32_BIT_CONVERSION = YES;
				GCC_WARN_ABOUT_RETURN_TYPE = YES_ERROR;
				GCC_WARN_UNDECLARED_SELECTOR = YES;
				GCC_WARN_UNINITIALIZED_AUTOS = YES_AGGRESSIVE;
				GCC_WARN_UNUSED_FUNCTION = YES;
				GCC_WARN_UNUSED_VARIABLE = YES;
				IPHONEOS_DEPLOYMENT_TARGET = 18.2;
				LOCALIZATION_PREFERS_STRING_CATALOGS = YES;
				MTL_ENABLE_DEBUG_INFO = NO;
				MTL_FAST_MATH = YES;
				SDKROOT = iphoneos;
				SWIFT_COMPILATION_MODE = wholemodule;
				VALIDATE_PRODUCT = YES;
			};
			name = Release;
		};
		CE50F23A2F6432870020C643 /* Debug */ = {
			isa = XCBuildConfiguration;
			buildSettings = {
				ASSETCATALOG_COMPILER_APPICON_NAME = AppIcon;
				ASSETCATALOG_COMPILER_GLOBAL_ACCENT_COLOR_NAME = AccentColor;
				CODE_SIGN_STYLE = Automatic;
				CURRENT_PROJECT_VERSION = 1;
				DEVELOPMENT_ASSET_PATHS = "\"VenuesApp/Preview Content\"";
				DEVELOPMENT_TEAM = "";
				ENABLE_PREVIEWS = YES;
				GENERATE_INFOPLIST_FILE = YES;
				INFOPLIST_FILE = VenuesApp/Info.plist;
				INFOPLIST_KEY_UIApplicationSceneManifest_Generation = YES;
				INFOPLIST_KEY_UIApplicationSupportsIndirectInputEvents = YES;
				INFOPLIST_KEY_UILaunchScreen_Generation = YES;
				INFOPLIST_KEY_UILaunchStoryboardName = "";
				INFOPLIST_KEY_UISupportedInterfaceOrientations = UIInterfaceOrientationPortrait;
				LD_RUNPATH_SEARCH_PATHS = (
					"$(inherited)",
					"@executable_path/Frameworks",
				);
				MARKETING_VERSION = 1.0;
				PRODUCT_BUNDLE_IDENTIFIER = com.sampleapp.testpoc;
				PRODUCT_NAME = "$(TARGET_NAME)";
				SWIFT_EMIT_LOC_STRINGS = YES;
				SWIFT_VERSION = 5.0;
				TARGETED_DEVICE_FAMILY = "1,2";
			};
			name = Debug;
		};
		CE50F23B2F6432870020C643 /* Release */ = {
			isa = XCBuildConfiguration;
			buildSettings = {
				ASSETCATALOG_COMPILER_APPICON_NAME = AppIcon;
				ASSETCATALOG_COMPILER_GLOBAL_ACCENT_COLOR_NAME = AccentColor;
				CODE_SIGN_STYLE = Automatic;
				CURRENT_PROJECT_VERSION = 1;
				DEVELOPMENT_ASSET_PATHS = "\"VenuesApp/Preview Content\"";
				DEVELOPMENT_TEAM = "";
				ENABLE_PREVIEWS = YES;
				GENERATE_INFOPLIST_FILE = YES;
				INFOPLIST_FILE = VenuesApp/Info.plist;
				INFOPLIST_KEY_UIApplicationSceneManifest_Generation = YES;
				INFOPLIST_KEY_UIApplicationSupportsIndirectInputEvents = YES;
				INFOPLIST_KEY_UILaunchScreen_Generation = YES;
				INFOPLIST_KEY_UILaunchStoryboardName = "";
				INFOPLIST_KEY_UISupportedInterfaceOrientations = UIInterfaceOrientationPortrait;
				LD_RUNPATH_SEARCH_PATHS = (
					"$(inherited)",
					"@executable_path/Frameworks",
				);
				MARKETING_VERSION = 1.0;
				PRODUCT_BUNDLE_IDENTIFIER = com.sampleapp.testpoc;
				PRODUCT_NAME = "$(TARGET_NAME)";
				SWIFT_EMIT_LOC_STRINGS = YES;
				SWIFT_VERSION = 5.0;
				TARGETED_DEVICE_FAMILY = "1,2";
			};
			name = Release;
		};
		CE50F23D2F6432870020C643 /* Debug */ = {
			isa = XCBuildConfiguration;
			buildSettings = {
				BUNDLE_LOADER = "$(TEST_HOST)";
				CODE_SIGN_STYLE = Automatic;
				CURRENT_PROJECT_VERSION = 1;
				DEVELOPMENT_TEAM = Y5JRK2KW44;
				GENERATE_INFOPLIST_FILE = YES;
				INFOPLIST_FILE = "";
				IPHONEOS_DEPLOYMENT_TARGET = 18.2;
				MARKETING_VERSION = 1.0;
				PRODUCT_BUNDLE_IDENTIFIER = com.sampleapp.test.poc;
				PRODUCT_NAME = "$(TARGET_NAME)";
				SWIFT_EMIT_LOC_STRINGS = NO;
				SWIFT_VERSION = 5.0;
				TARGETED_DEVICE_FAMILY = "1,2";
				TEST_HOST = "$(BUILT_PRODUCTS_DIR)/VenuesApp.app/$(BUNDLE_EXECUTABLE_FOLDER_PATH)/VenuesApp";
			};
			name = Debug;
		};
		CE50F23E2F6432870020C643 /* Release */ = {
			isa = XCBuildConfiguration;
			buildSettings = {
				BUNDLE_LOADER = "$(TEST_HOST)";
				CODE_SIGN_STYLE = Automatic;
				CURRENT_PROJECT_VERSION = 1;
				DEVELOPMENT_TEAM = Y5JRK2KW44;
				GENERATE_INFOPLIST_FILE = YES;
				INFOPLIST_FILE = "";
				IPHONEOS_DEPLOYMENT_TARGET = 18.2;
				MARKETING_VERSION = 1.0;
				PRODUCT_BUNDLE_IDENTIFIER = com.sampleapp.test.poc;
				PRODUCT_NAME = "$(TARGET_NAME)";
				SWIFT_EMIT_LOC_STRINGS = NO;
				SWIFT_VERSION = 5.0;
				TARGETED_DEVICE_FAMILY = "1,2";
				TEST_HOST = "$(BUILT_PRODUCTS_DIR)/VenuesApp.app/$(BUNDLE_EXECUTABLE_FOLDER_PATH)/VenuesApp";
			};
			name = Release;
		};
		CE50F2402F6432870020C643 /* Debug */ = {
			isa = XCBuildConfiguration;
			buildSettings = {
				CODE_SIGN_STYLE = Automatic;
				CURRENT_PROJECT_VERSION = 1;
				GENERATE_INFOPLIST_FILE = YES;
				MARKETING_VERSION = 1.0;
				PRODUCT_BUNDLE_IDENTIFIER = User.VenuesAppUITests;
				PRODUCT_NAME = "$(TARGET_NAME)";
				SWIFT_EMIT_LOC_STRINGS = NO;
				SWIFT_VERSION = 5.0;
				TARGETED_DEVICE_FAMILY = "1,2";
				TEST_TARGET_NAME = VenuesApp;
			};
			name = Debug;
		};
		CE50F2412F6432870020C643 /* Release */ = {
			isa = XCBuildConfiguration;
			buildSettings = {
				CODE_SIGN_STYLE = Automatic;
				CURRENT_PROJECT_VERSION = 1;
				GENERATE_INFOPLIST_FILE = YES;
				MARKETING_VERSION = 1.0;
				PRODUCT_BUNDLE_IDENTIFIER = User.VenuesAppUITests;
				PRODUCT_NAME = "$(TARGET_NAME)";
				SWIFT_EMIT_LOC_STRINGS = NO;
				SWIFT_VERSION = 5.0;
				TARGETED_DEVICE_FAMILY = "1,2";
				TEST_TARGET_NAME = VenuesApp;
			};
			name = Release;
		};
/* End XCBuildConfiguration section */

/* Begin XCConfigurationList section */
		CE50F2102F6432850020C643 /* Build configuration list for PBXProject "VenuesApp" */ = {
			isa = XCConfigurationList;
			buildConfigurations = (
				CE50F2372F6432870020C643 /* Debug */,
				CE50F2382F6432870020C643 /* Release */,
			);
			defaultConfigurationIsVisible = 0;
			defaultConfigurationName = Release;
		};
		CE50F2392F6432870020C643 /* Build configuration list for PBXNativeTarget "VenuesApp" */ = {
			isa = XCConfigurationList;
			buildConfigurations = (
				CE50F23A2F6432870020C643 /* Debug */,
				CE50F23B2F6432870020C643 /* Release */,
			);
			defaultConfigurationIsVisible = 0;
			defaultConfigurationName = Release;
		};
		CE50F23C2F6432870020C643 /* Build configuration list for PBXNativeTarget "VenuesAppTests" */ = {
			isa = XCConfigurationList;
			buildConfigurations = (
				CE50F23D2F6432870020C643 /* Debug */,
				CE50F23E2F6432870020C643 /* Release */,
			);
			defaultConfigurationIsVisible = 0;
			defaultConfigurationName = Release;
		};
		CE50F23F2F6432870020C643 /* Build configuration list for PBXNativeTarget "VenuesAppUITests" */ = {
			isa = XCConfigurationList;
			buildConfigurations = (
				CE50F2402F6432870020C643 /* Debug */,
				CE50F2412F6432870020C643 /* Release */,
			);
			defaultConfigurationIsVisible = 0;
			defaultConfigurationName = Release;
		};
/* End XCConfigurationList section */
	};
	rootObject = CE50F20D2F6432850020C643 /* Project object */;
}
