// !$*UTF8*$!
{
	archiveVersion = 1;
	classes = {
	};
	objectVersion = 77;
	objects = {

/* Begin PBXBuildFile section */
		16DC4D275A9905FB694FB7BE /* Pods_DemoOffLineDBAppTests.framework in Frameworks */ = {isa = PBXBuildFile; fileRef = E0B51ECBF033711837D89B88 /* Pods_DemoOffLineDBAppTests.framework */; };
		188C97902F765F9600DDC987 /* SDWebImageSwiftUI in Frameworks */ = {isa = PBXBuildFile; productRef = 188C978F2F765F9600DDC987 /* SDWebImageSwiftUI */; };
		2EB1ABC3D821425F53DCD87E /* Pods_DemoOffLineDBApp.framework in Frameworks */ = {isa = PBXBuildFile; fileRef = 8D460294C19AF3A62DA119CF /* Pods_DemoOffLineDBApp.framework */; };
		3B0E9F3D5377BDBE81871A2B /* Pods_DemoOffLineDBApp_DemoOffLineDBAppUITests.framework in Frameworks */ = {isa = PBXBuildFile; fileRef = 4E98434C29CD5807059AD70F /* Pods_DemoOffLineDBApp_DemoOffLineDBAppUITests.framework */; };
/* End PBXBuildFile section */

/* Begin PBXContainerItemProxy section */
		CE1CFCD52F6C5A94002DE4D3 /* PBXContainerItemProxy */ = {
			isa = PBXContainerItemProxy;
			containerPortal = CE1CFCBA2F6C5A91002DE4D3 /* Project object */;
			proxyType = 1;
			remoteGlobalIDString = CE1CFCC12F6C5A91002DE4D3;
			remoteInfo = DemoOffLineDBApp;
		};
		CE1CFCDF2F6C5A94002DE4D3 /* PBXContainerItemProxy */ = {
			isa = PBXContainerItemProxy;
			containerPortal = CE1CFCBA2F6C5A91002DE4D3 /* Project object */;
			proxyType = 1;
			remoteGlobalIDString = CE1CFCC12F6C5A91002DE4D3;
			remoteInfo = DemoOffLineDBApp;
		};
/* End PBXContainerItemProxy section */

/* Begin PBXFileReference section */
		1824BA1B07B082EDA0C23CCF /* Pods-DemoOffLineDBApp-DemoOffLineDBAppUITests.debug.xcconfig */ = {isa = PBXFileReference; includeInIndex = 1; lastKnownFileType = text.xcconfig; name = "Pods-DemoOffLineDBApp-DemoOffLineDBAppUITests.debug.xcconfig"; path = "Target Support Files/Pods-DemoOffLineDBApp-DemoOffLineDBAppUITests/Pods-DemoOffLineDBApp-DemoOffLineDBAppUITests.debug.xcconfig"; sourceTree = "<group>"; };
		1E7DF99ADAD347736E140A96 /* Pods-DemoOffLineDBAppTests.debug.xcconfig */ = {isa = PBXFileReference; includeInIndex = 1; lastKnownFileType = text.xcconfig; name = "Pods-DemoOffLineDBAppTests.debug.xcconfig"; path = "Target Support Files/Pods-DemoOffLineDBAppTests/Pods-DemoOffLineDBAppTests.debug.xcconfig"; sourceTree = "<group>"; };
		4E98434C29CD5807059AD70F /* Pods_DemoOffLineDBApp_DemoOffLineDBAppUITests.framework */ = {isa = PBXFileReference; explicitFileType = wrapper.framework; includeInIndex = 0; path = Pods_DemoOffLineDBApp_DemoOffLineDBAppUITests.framework; sourceTree = BUILT_PRODUCTS_DIR; };
		8D460294C19AF3A62DA119CF /* Pods_DemoOffLineDBApp.framework */ = {isa = PBXFileReference; explicitFileType = wrapper.framework; includeInIndex = 0; path = Pods_DemoOffLineDBApp.framework; sourceTree = BUILT_PRODUCTS_DIR; };
		8F13FE0E74BF0B31CE06C2F0 /* Pods-DemoOffLineDBApp.debug.xcconfig */ = {isa = PBXFileReference; includeInIndex = 1; lastKnownFileType = text.xcconfig; name = "Pods-DemoOffLineDBApp.debug.xcconfig"; path = "Target Support Files/Pods-DemoOffLineDBApp/Pods-DemoOffLineDBApp.debug.xcconfig"; sourceTree = "<group>"; };
		CE1CFCC22F6C5A91002DE4D3 /* DemoOffLineDBApp.app */ = {isa = PBXFileReference; explicitFileType = wrapper.application; includeInIndex = 0; path = DemoOffLineDBApp.app; sourceTree = BUILT_PRODUCTS_DIR; };
		CE1CFCD42F6C5A94002DE4D3 /* DemoOffLineDBAppTests.xctest */ = {isa = PBXFileReference; explicitFileType = wrapper.cfbundle; includeInIndex = 0; path = DemoOffLineDBAppTests.xctest; sourceTree = BUILT_PRODUCTS_DIR; };
		CE1CFCDE2F6C5A94002DE4D3 /* DemoOffLineDBAppUITests.xctest */ = {isa = PBXFileReference; explicitFileType = wrapper.cfbundle; includeInIndex = 0; path = DemoOffLineDBAppUITests.xctest; sourceTree = BUILT_PRODUCTS_DIR; };
		CF351A352B386757B1A91B97 /* Pods-DemoOffLineDBApp-DemoOffLineDBAppUITests.release.xcconfig */ = {isa = PBXFileReference; includeInIndex = 1; lastKnownFileType = text.xcconfig; name = "Pods-DemoOffLineDBApp-DemoOffLineDBAppUITests.release.xcconfig"; path = "Target Support Files/Pods-DemoOffLineDBApp-DemoOffLineDBAppUITests/Pods-DemoOffLineDBApp-DemoOffLineDBAppUITests.release.xcconfig"; sourceTree = "<group>"; };
		E0B51ECBF033711837D89B88 /* Pods_DemoOffLineDBAppTests.framework */ = {isa = PBXFileReference; explicitFileType = wrapper.framework; includeInIndex = 0; path = Pods_DemoOffLineDBAppTests.framework; sourceTree = BUILT_PRODUCTS_DIR; };
		EA1C381CAAA941FECCA081F7 /* Pods-DemoOffLineDBApp.release.xcconfig */ = {isa = PBXFileReference; includeInIndex = 1; lastKnownFileType = text.xcconfig; name = "Pods-DemoOffLineDBApp.release.xcconfig"; path = "Target Support Files/Pods-DemoOffLineDBApp/Pods-DemoOffLineDBApp.release.xcconfig"; sourceTree = "<group>"; };
		F0AA7C71F3DFE1D5FDE48E85 /* Pods-DemoOffLineDBAppTests.release.xcconfig */ = {isa = PBXFileReference; includeInIndex = 1; lastKnownFileType = text.xcconfig; name = "Pods-DemoOffLineDBAppTests.release.xcconfig"; path = "Target Support Files/Pods-DemoOffLineDBAppTests/Pods-DemoOffLineDBAppTests.release.xcconfig"; sourceTree = "<group>"; };
/* End PBXFileReference section */

/* Begin PBXFileSystemSynchronizedBuildFileExceptionSet section */
		18C311012F7537F2001E4DD0 /* Exceptions for "DemoOffLineDBApp" folder in "DemoOffLineDBApp" target */ = {
			isa = PBXFileSystemSynchronizedBuildFileExceptionSet;
			membershipExceptions = (
				Info.plist,
			);
			target = CE1CFCC12F6C5A91002DE4D3 /* DemoOffLineDBApp */;
		};
/* End PBXFileSystemSynchronizedBuildFileExceptionSet section */

/* Begin PBXFileSystemSynchronizedRootGroup section */
		CE1CFCC42F6C5A91002DE4D3 /* DemoOffLineDBApp */ = {
			isa = PBXFileSystemSynchronizedRootGroup;
			exceptions = (
				18C311012F7537F2001E4DD0 /* Exceptions for "DemoOffLineDBApp" folder in "DemoOffLineDBApp" target */,
			);
			path = DemoOffLineDBApp;
			sourceTree = "<group>";
		};
		CE1CFCD72F6C5A94002DE4D3 /* DemoOffLineDBAppTests */ = {
			isa = PBXFileSystemSynchronizedRootGroup;
			path = DemoOffLineDBAppTests;
			sourceTree = "<group>";
		};
		CE1CFCE12F6C5A94002DE4D3 /* DemoOffLineDBAppUITests */ = {
			isa = PBXFileSystemSynchronizedRootGroup;
			path = DemoOffLineDBAppUITests;
			sourceTree = "<group>";
		};
/* End PBXFileSystemSynchronizedRootGroup section */

/* Begin PBXFrameworksBuildPhase section */
		CE1CFCBF2F6C5A91002DE4D3 /* Frameworks */ = {
			isa = PBXFrameworksBuildPhase;
			buildActionMask = 2147483647;
			files = (
				188C97902F765F9600DDC987 /* SDWebImageSwiftUI in Frameworks */,
				2EB1ABC3D821425F53DCD87E /* Pods_DemoOffLineDBApp.framework in Frameworks */,
			);
			runOnlyForDeploymentPostprocessing = 0;
		};
		CE1CFCD12F6C5A94002DE4D3 /* Frameworks */ = {
			isa = PBXFrameworksBuildPhase;
			buildActionMask = 2147483647;
			files = (
				16DC4D275A9905FB694FB7BE /* Pods_DemoOffLineDBAppTests.framework in Frameworks */,
			);
			runOnlyForDeploymentPostprocessing = 0;
		};
		CE1CFCDB2F6C5A94002DE4D3 /* Frameworks */ = {
			isa = PBXFrameworksBuildPhase;
			buildActionMask = 2147483647;
			files = (
				3B0E9F3D5377BDBE81871A2B /* Pods_DemoOffLineDBApp_DemoOffLineDBAppUITests.framework in Frameworks */,
			);
			runOnlyForDeploymentPostprocessing = 0;
		};
/* End PBXFrameworksBuildPhase section */

/* Begin PBXGroup section */
		0F769E6A7B268B894015EA4E /* Frameworks */ = {
			isa = PBXGroup;
			children = (
				8D460294C19AF3A62DA119CF /* Pods_DemoOffLineDBApp.framework */,
				4E98434C29CD5807059AD70F /* Pods_DemoOffLineDBApp_DemoOffLineDBAppUITests.framework */,
				E0B51ECBF033711837D89B88 /* Pods_DemoOffLineDBAppTests.framework */,
			);
			name = Frameworks;
			sourceTree = "<group>";
		};
		64AE5CEF5594E61521D089CE /* Pods */ = {
			isa = PBXGroup;
			children = (
				8F13FE0E74BF0B31CE06C2F0 /* Pods-DemoOffLineDBApp.debug.xcconfig */,
				EA1C381CAAA941FECCA081F7 /* Pods-DemoOffLineDBApp.release.xcconfig */,
				1824BA1B07B082EDA0C23CCF /* Pods-DemoOffLineDBApp-DemoOffLineDBAppUITests.debug.xcconfig */,
				CF351A352B386757B1A91B97 /* Pods-DemoOffLineDBApp-DemoOffLineDBAppUITests.release.xcconfig */,
				1E7DF99ADAD347736E140A96 /* Pods-DemoOffLineDBAppTests.debug.xcconfig */,
				F0AA7C71F3DFE1D5FDE48E85 /* Pods-DemoOffLineDBAppTests.release.xcconfig */,
			);
			path = Pods;
			sourceTree = "<group>";
		};
		CE1CFCB92F6C5A91002DE4D3 = {
			isa = PBXGroup;
			children = (
				CE1CFCC42F6C5A91002DE4D3 /* DemoOffLineDBApp */,
				CE1CFCD72F6C5A94002DE4D3 /* DemoOffLineDBAppTests */,
				CE1CFCE12F6C5A94002DE4D3 /* DemoOffLineDBAppUITests */,
				CE1CFCC32F6C5A91002DE4D3 /* Products */,
				64AE5CEF5594E61521D089CE /* Pods */,
				0F769E6A7B268B894015EA4E /* Frameworks */,
			);
			sourceTree = "<group>";
		};
		CE1CFCC32F6C5A91002DE4D3 /* Products */ = {
			isa = PBXGroup;
			children = (
				CE1CFCC22F6C5A91002DE4D3 /* DemoOffLineDBApp.app */,
				CE1CFCD42F6C5A94002DE4D3 /* DemoOffLineDBAppTests.xctest */,
				CE1CFCDE2F6C5A94002DE4D3 /* DemoOffLineDBAppUITests.xctest */,
			);
			name = Products;
			sourceTree = "<group>";
		};
/* End PBXGroup section */

/* Begin PBXNativeTarget section */
		CE1CFCC12F6C5A91002DE4D3 /* DemoOffLineDBApp */ = {
			isa = PBXNativeTarget;
			buildConfigurationList = CE1CFCE82F6C5A94002DE4D3 /* Build configuration list for PBXNativeTarget "DemoOffLineDBApp" */;
			buildPhases = (
				F3124CF66787B0CB0180ADEE /* [CP] Check Pods Manifest.lock */,
				CE1CFCBE2F6C5A91002DE4D3 /* Sources */,
				CE1CFCBF2F6C5A91002DE4D3 /* Frameworks */,
				CE1CFCC02F6C5A91002DE4D3 /* Resources */,
				0E90BEAE4E5D5596841C02E2 /* [CP] Embed Pods Frameworks */,
			);
			buildRules = (
			);
			dependencies = (
			);
			fileSystemSynchronizedGroups = (
				CE1CFCC42F6C5A91002DE4D3 /* DemoOffLineDBApp */,
			);
			name = DemoOffLineDBApp;
			productName = DemoOffLineDBApp;
			productReference = CE1CFCC22F6C5A91002DE4D3 /* DemoOffLineDBApp.app */;
			productType = "com.apple.product-type.application";
		};
		CE1CFCD32F6C5A94002DE4D3 /* DemoOffLineDBAppTests */ = {
			isa = PBXNativeTarget;
			buildConfigurationList = CE1CFCEB2F6C5A94002DE4D3 /* Build configuration list for PBXNativeTarget "DemoOffLineDBAppTests" */;
			buildPhases = (
				26A2649A41FE0218934E62BB /* [CP] Check Pods Manifest.lock */,
				CE1CFCD02F6C5A94002DE4D3 /* Sources */,
				CE1CFCD12F6C5A94002DE4D3 /* Frameworks */,
				CE1CFCD22F6C5A94002DE4D3 /* Resources */,
			);
			buildRules = (
			);
			dependencies = (
				CE1CFCD62F6C5A94002DE4D3 /* PBXTargetDependency */,
			);
			fileSystemSynchronizedGroups = (
				CE1CFCD72F6C5A94002DE4D3 /* DemoOffLineDBAppTests */,
			);
			name = DemoOffLineDBAppTests;
			productName = DemoOffLineDBAppTests;
			productReference = CE1CFCD42F6C5A94002DE4D3 /* DemoOffLineDBAppTests.xctest */;
			productType = "com.apple.product-type.bundle.unit-test";
		};
		CE1CFCDD2F6C5A94002DE4D3 /* DemoOffLineDBAppUITests */ = {
			isa = PBXNativeTarget;
			buildConfigurationList = CE1CFCEE2F6C5A94002DE4D3 /* Build configuration list for PBXNativeTarget "DemoOffLineDBAppUITests" */;
			buildPhases = (
				354088FE07DBF89EA1379B2B /* [CP] Check Pods Manifest.lock */,
				CE1CFCDA2F6C5A94002DE4D3 /* Sources */,
				CE1CFCDB2F6C5A94002DE4D3 /* Frameworks */,
				CE1CFCDC2F6C5A94002DE4D3 /* Resources */,
				53602760D535403871DAF7CD /* [CP] Embed Pods Frameworks */,
			);
			buildRules = (
			);
			dependencies = (
				CE1CFCE02F6C5A94002DE4D3 /* PBXTargetDependency */,
			);
			fileSystemSynchronizedGroups = (
				CE1CFCE12F6C5A94002DE4D3 /* DemoOffLineDBAppUITests */,
			);
			name = DemoOffLineDBAppUITests;
			productName = DemoOffLineDBAppUITests;
			productReference = CE1CFCDE2F6C5A94002DE4D3 /* DemoOffLineDBAppUITests.xctest */;
			productType = "com.apple.product-type.bundle.ui-testing";
		};
/* End PBXNativeTarget section */

/* Begin PBXProject section */
		CE1CFCBA2F6C5A91002DE4D3 /* Project object */ = {
			isa = PBXProject;
			attributes = {
				BuildIndependentTargetsInParallel = 1;
				LastSwiftUpdateCheck = 1620;
				LastUpgradeCheck = 1620;
				TargetAttributes = {
					CE1CFCC12F6C5A91002DE4D3 = {
						CreatedOnToolsVersion = 16.2;
					};
					CE1CFCD32F6C5A94002DE4D3 = {
						CreatedOnToolsVersion = 16.2;
						TestTargetID = CE1CFCC12F6C5A91002DE4D3;
					};
					CE1CFCDD2F6C5A94002DE4D3 = {
						CreatedOnToolsVersion = 16.2;
						TestTargetID = CE1CFCC12F6C5A91002DE4D3;
					};
				};
			};
			buildConfigurationList = CE1CFCBD2F6C5A91002DE4D3 /* Build configuration list for PBXProject "DemoOffLineDBApp" */;
			developmentRegion = en;
			hasScannedForEncodings = 0;
			knownRegions = (
				en,
				Base,
			);
			mainGroup = CE1CFCB92F6C5A91002DE4D3;
			minimizedProjectReferenceProxies = 1;
			packageReferences = (
				188C978E2F765F9600DDC987 /* XCRemoteSwiftPackageReference "SDWebImageSwiftUI" */,
			);
			preferredProjectObjectVersion = 77;
			productRefGroup = CE1CFCC32F6C5A91002DE4D3 /* Products */;
			projectDirPath = "";
			projectRoot = "";
			targets = (
				CE1CFCC12F6C5A91002DE4D3 /* DemoOffLineDBApp */,
				CE1CFCD32F6C5A94002DE4D3 /* DemoOffLineDBAppTests */,
				CE1CFCDD2F6C5A94002DE4D3 /* DemoOffLineDBAppUITests */,
			);
		};
/* End PBXProject section */

/* Begin PBXResourcesBuildPhase section */
		CE1CFCC02F6C5A91002DE4D3 /* Resources */ = {
			isa = PBXResourcesBuildPhase;
			buildActionMask = 2147483647;
			files = (
			);
			runOnlyForDeploymentPostprocessing = 0;
		};
		CE1CFCD22F6C5A94002DE4D3 /* Resources */ = {
			isa = PBXResourcesBuildPhase;
			buildActionMask = 2147483647;
			files = (
			);
			runOnlyForDeploymentPostprocessing = 0;
		};
		CE1CFCDC2F6C5A94002DE4D3 /* Resources */ = {
			isa = PBXResourcesBuildPhase;
			buildActionMask = 2147483647;
			files = (
			);
			runOnlyForDeploymentPostprocessing = 0;
		};
/* End PBXResourcesBuildPhase section */

/* Begin PBXShellScriptBuildPhase section */
		0E90BEAE4E5D5596841C02E2 /* [CP] Embed Pods Frameworks */ = {
			isa = PBXShellScriptBuildPhase;
			buildActionMask = 2147483647;
			files = (
			);
			inputFileListPaths = (
				"${PODS_ROOT}/Target Support Files/Pods-DemoOffLineDBApp/Pods-DemoOffLineDBApp-frameworks-${CONFIGURATION}-input-files.xcfilelist",
			);
			inputPaths = (
			);
			name = "[CP] Embed Pods Frameworks";
			outputFileListPaths = (
				"${PODS_ROOT}/Target Support Files/Pods-DemoOffLineDBApp/Pods-DemoOffLineDBApp-frameworks-${CONFIGURATION}-output-files.xcfilelist",
			);
			outputPaths = (
			);
			runOnlyForDeploymentPostprocessing = 0;
			shellPath = /bin/sh;
			shellScript = "\"${PODS_ROOT}/Target Support Files/Pods-DemoOffLineDBApp/Pods-DemoOffLineDBApp-frameworks.sh\"\n";
			showEnvVarsInLog = 0;
		};
		26A2649A41FE0218934E62BB /* [CP] Check Pods Manifest.lock */ = {
			isa = PBXShellScriptBuildPhase;
			buildActionMask = 2147483647;
			files = (
			);
			inputFileListPaths = (
			);
			inputPaths = (
				"${PODS_PODFILE_DIR_PATH}/Podfile.lock",
				"${PODS_ROOT}/Manifest.lock",
			);
			name = "[CP] Check Pods Manifest.lock";
			outputFileListPaths = (
			);
			outputPaths = (
				"$(DERIVED_FILE_DIR)/Pods-DemoOffLineDBAppTests-checkManifestLockResult.txt",
			);
			runOnlyForDeploymentPostprocessing = 0;
			shellPath = /bin/sh;
			shellScript = "diff \"${PODS_PODFILE_DIR_PATH}/Podfile.lock\" \"${PODS_ROOT}/Manifest.lock\" > /dev/null\nif [ $? != 0 ] ; then\n    # print error to STDERR\n    echo \"error: The sandbox is not in sync with the Podfile.lock. Run 'pod install' or update your CocoaPods installation.\" >&2\n    exit 1\nfi\n# This output is used by Xcode 'outputs' to avoid re-running this script phase.\necho \"SUCCESS\" > \"${SCRIPT_OUTPUT_FILE_0}\"\n";
			showEnvVarsInLog = 0;
		};
		354088FE07DBF89EA1379B2B /* [CP] Check Pods Manifest.lock */ = {
			isa = PBXShellScriptBuildPhase;
			buildActionMask = 2147483647;
			files = (
			);
			inputFileListPaths = (
			);
			inputPaths = (
				"${PODS_PODFILE_DIR_PATH}/Podfile.lock",
				"${PODS_ROOT}/Manifest.lock",
			);
			name = "[CP] Check Pods Manifest.lock";
			outputFileListPaths = (
			);
			outputPaths = (
				"$(DERIVED_FILE_DIR)/Pods-DemoOffLineDBApp-DemoOffLineDBAppUITests-checkManifestLockResult.txt",
			);
			runOnlyForDeploymentPostprocessing = 0;
			shellPath = /bin/sh;
			shellScript = "diff \"${PODS_PODFILE_DIR_PATH}/Podfile.lock\" \"${PODS_ROOT}/Manifest.lock\" > /dev/null\nif [ $? != 0 ] ; then\n    # print error to STDERR\n    echo \"error: The sandbox is not in sync with the Podfile.lock. Run 'pod install' or update your CocoaPods installation.\" >&2\n    exit 1\nfi\n# This output is used by Xcode 'outputs' to avoid re-running this script phase.\necho \"SUCCESS\" > \"${SCRIPT_OUTPUT_FILE_0}\"\n";
			showEnvVarsInLog = 0;
		};
		53602760D535403871DAF7CD /* [CP] Embed Pods Frameworks */ = {
			isa = PBXShellScriptBuildPhase;
			buildActionMask = 2147483647;
			files = (
			);
			inputFileListPaths = (
				"${PODS_ROOT}/Target Support Files/Pods-DemoOffLineDBApp-DemoOffLineDBAppUITests/Pods-DemoOffLineDBApp-DemoOffLineDBAppUITests-frameworks-${CONFIGURATION}-input-files.xcfilelist",
			);
			inputPaths = (
			);
			name = "[CP] Embed Pods Frameworks";
			outputFileListPaths = (
				"${PODS_ROOT}/Target Support Files/Pods-DemoOffLineDBApp-DemoOffLineDBAppUITests/Pods-DemoOffLineDBApp-DemoOffLineDBAppUITests-frameworks-${CONFIGURATION}-output-files.xcfilelist",
			);
			outputPaths = (
			);
			runOnlyForDeploymentPostprocessing = 0;
			shellPath = /bin/sh;
			shellScript = "\"${PODS_ROOT}/Target Support Files/Pods-DemoOffLineDBApp-DemoOffLineDBAppUITests/Pods-DemoOffLineDBApp-DemoOffLineDBAppUITests-frameworks.sh\"\n";
			showEnvVarsInLog = 0;
		};
		F3124CF66787B0CB0180ADEE /* [CP] Check Pods Manifest.lock */ = {
			isa = PBXShellScriptBuildPhase;
			buildActionMask = 2147483647;
			files = (
			);
			inputFileListPaths = (
			);
			inputPaths = (
				"${PODS_PODFILE_DIR_PATH}/Podfile.lock",
				"${PODS_ROOT}/Manifest.lock",
			);
			name = "[CP] Check Pods Manifest.lock";
			outputFileListPaths = (
			);
			outputPaths = (
				"$(DERIVED_FILE_DIR)/Pods-DemoOffLineDBApp-checkManifestLockResult.txt",
			);
			runOnlyForDeploymentPostprocessing = 0;
			shellPath = /bin/sh;
			shellScript = "diff \"${PODS_PODFILE_DIR_PATH}/Podfile.lock\" \"${PODS_ROOT}/Manifest.lock\" > /dev/null\nif [ $? != 0 ] ; then\n    # print error to STDERR\n    echo \"error: The sandbox is not in sync with the Podfile.lock. Run 'pod install' or update your CocoaPods installation.\" >&2\n    exit 1\nfi\n# This output is used by Xcode 'outputs' to avoid re-running this script phase.\necho \"SUCCESS\" > \"${SCRIPT_OUTPUT_FILE_0}\"\n";
			showEnvVarsInLog = 0;
		};
/* End PBXShellScriptBuildPhase section */

/* Begin PBXSourcesBuildPhase section */
		CE1CFCBE2F6C5A91002DE4D3 /* Sources */ = {
			isa = PBXSourcesBuildPhase;
			buildActionMask = 2147483647;
			files = (
			);
			runOnlyForDeploymentPostprocessing = 0;
		};
		CE1CFCD02F6C5A94002DE4D3 /* Sources */ = {
			isa = PBXSourcesBuildPhase;
			buildActionMask = 2147483647;
			files = (
			);
			runOnlyForDeploymentPostprocessing = 0;
		};
		CE1CFCDA2F6C5A94002DE4D3 /* Sources */ = {
			isa = PBXSourcesBuildPhase;
			buildActionMask = 2147483647;
			files = (
			);
			runOnlyForDeploymentPostprocessing = 0;
		};
/* End PBXSourcesBuildPhase section */

/* Begin PBXTargetDependency section */
		CE1CFCD62F6C5A94002DE4D3 /* PBXTargetDependency */ = {
			isa = PBXTargetDependency;
			target = CE1CFCC12F6C5A91002DE4D3 /* DemoOffLineDBApp */;
			targetProxy = CE1CFCD52F6C5A94002DE4D3 /* PBXContainerItemProxy */;
		};
		CE1CFCE02F6C5A94002DE4D3 /* PBXTargetDependency */ = {
			isa = PBXTargetDependency;
			target = CE1CFCC12F6C5A91002DE4D3 /* DemoOffLineDBApp */;
			targetProxy = CE1CFCDF2F6C5A94002DE4D3 /* PBXContainerItemProxy */;
		};
/* End PBXTargetDependency section */

/* Begin XCBuildConfiguration section */
		CE1CFCE62F6C5A94002DE4D3 /* Debug */ = {
			isa = XCBuildConfiguration;
			buildSettings = {
				ALWAYS_SEARCH_USER_PATHS = NO;
				ASSETCATALOG_COMPILER_GENERATE_SWIFT_ASSET_SYMBOL_EXTENSIONS = YES;
				CLANG_ANALYZER_NONNULL = YES;
				CLANG_ANALYZER_NUMBER_OBJECT_CONVERSION = YES_AGGRESSIVE;
				CLANG_CXX_LANGUAGE_STANDARD = "gnu++20";
				CLANG_ENABLE_MODULES = YES;
				CLANG_ENABLE_OBJC_ARC = YES;
				CLANG_ENABLE_OBJC_WEAK = YES;
				CLANG_WARN_BLOCK_CAPTURE_AUTORELEASING = YES;
				CLANG_WARN_BOOL_CONVERSION = YES;
				CLANG_WARN_COMMA = YES;
				CLANG_WARN_CONSTANT_CONVERSION = YES;
				CLANG_WARN_DEPRECATED_OBJC_IMPLEMENTATIONS = YES;
				CLANG_WARN_DIRECT_OBJC_ISA_USAGE = YES_ERROR;
				CLANG_WARN_DOCUMENTATION_COMMENTS = YES;
				CLANG_WARN_EMPTY_BODY = YES;
				CLANG_WARN_ENUM_CONVERSION = YES;
				CLANG_WARN_INFINITE_RECURSION = YES;
				CLANG_WARN_INT_CONVERSION = YES;
				CLANG_WARN_NON_LITERAL_NULL_CONVERSION = YES;
				CLANG_WARN_OBJC_IMPLICIT_RETAIN_SELF = YES;
				CLANG_WARN_OBJC_LITERAL_CONVERSION = YES;
				CLANG_WARN_OBJC_ROOT_CLASS = YES_ERROR;
				CLANG_WARN_QUOTED_INCLUDE_IN_FRAMEWORK_HEADER = YES;
				CLANG_WARN_RANGE_LOOP_ANALYSIS = YES;
				CLANG_WARN_STRICT_PROTOTYPES = YES;
				CLANG_WARN_SUSPICIOUS_MOVE = YES;
				CLANG_WARN_UNGUARDED_AVAILABILITY = YES_AGGRESSIVE;
				CLANG_WARN_UNREACHABLE_CODE = YES;
				CLANG_WARN__DUPLICATE_METHOD_MATCH = YES;
				COPY_PHASE_STRIP = NO;
				DEBUG_INFORMATION_FORMAT = dwarf;
				ENABLE_STRICT_OBJC_MSGSEND = YES;
				ENABLE_TESTABILITY = YES;
				ENABLE_USER_SCRIPT_SANDBOXING = YES;
				GCC_C_LANGUAGE_STANDARD = gnu17;
				GCC_DYNAMIC_NO_PIC = NO;
				GCC_NO_COMMON_BLOCKS = YES;
				GCC_OPTIMIZATION_LEVEL = 0;
				GCC_PREPROCESSOR_DEFINITIONS = (
					"DEBUG=1",
					"$(inherited)",
				);
				GCC_WARN_64_TO_32_BIT_CONVERSION = YES;
				GCC_WARN_ABOUT_RETURN_TYPE = YES_ERROR;
				GCC_WARN_UNDECLARED_SELECTOR = YES;
				GCC_WARN_UNINITIALIZED_AUTOS = YES_AGGRESSIVE;
				GCC_WARN_UNUSED_FUNCTION = YES;
				GCC_WARN_UNUSED_VARIABLE = YES;
				IPHONEOS_DEPLOYMENT_TARGET = 18.2;
				LOCALIZATION_PREFERS_STRING_CATALOGS = YES;
				MTL_ENABLE_DEBUG_INFO = INCLUDE_SOURCE;
				MTL_FAST_MATH = YES;
				ONLY_ACTIVE_ARCH = YES;
				SDKROOT = iphoneos;
				SWIFT_ACTIVE_COMPILATION_CONDITIONS = "DEBUG $(inherited)";
				SWIFT_OPTIMIZATION_LEVEL = "-Onone";
			};
			name = Debug;
		};
		CE1CFCE72F6C5A94002DE4D3 /* Release */ = {
			isa = XCBuildConfiguration;
			buildSettings = {
				ALWAYS_SEARCH_USER_PATHS = NO;
				ASSETCATALOG_COMPILER_GENERATE_SWIFT_ASSET_SYMBOL_EXTENSIONS = YES;
				CLANG_ANALYZER_NONNULL = YES;
				CLANG_ANALYZER_NUMBER_OBJECT_CONVERSION = YES_AGGRESSIVE;
				CLANG_CXX_LANGUAGE_STANDARD = "gnu++20";
				CLANG_ENABLE_MODULES = YES;
				CLANG_ENABLE_OBJC_ARC = YES;
				CLANG_ENABLE_OBJC_WEAK = YES;
				CLANG_WARN_BLOCK_CAPTURE_AUTORELEASING = YES;
				CLANG_WARN_BOOL_CONVERSION = YES;
				CLANG_WARN_COMMA = YES;
				CLANG_WARN_CONSTANT_CONVERSION = YES;
				CLANG_WARN_DEPRECATED_OBJC_IMPLEMENTATIONS = YES;
				CLANG_WARN_DIRECT_OBJC_ISA_USAGE = YES_ERROR;
				CLANG_WARN_DOCUMENTATION_COMMENTS = YES;
				CLANG_WARN_EMPTY_BODY = YES;
				CLANG_WARN_ENUM_CONVERSION = YES;
				CLANG_WARN_INFINITE_RECURSION = YES;
				CLANG_WARN_INT_CONVERSION = YES;
				CLANG_WARN_NON_LITERAL_NULL_CONVERSION = YES;
				CLANG_WARN_OBJC_IMPLICIT_RETAIN_SELF = YES;
				CLANG_WARN_OBJC_LITERAL_CONVERSION = YES;
				CLANG_WARN_OBJC_ROOT_CLASS = YES_ERROR;
				CLANG_WARN_QUOTED_INCLUDE_IN_FRAMEWORK_HEADER = YES;
				CLANG_WARN_RANGE_LOOP_ANALYSIS = YES;
				CLANG_WARN_STRICT_PROTOTYPES = YES;
				CLANG_WARN_SUSPICIOUS_MOVE = YES;
				CLANG_WARN_UNGUARDED_AVAILABILITY = YES_AGGRESSIVE;
				CLANG_WARN_UNREACHABLE_CODE = YES;
				CLANG_WARN__DUPLICATE_METHOD_MATCH = YES;
				COPY_PHASE_STRIP = NO;
				DEBUG_INFORMATION_FORMAT = "dwarf-with-dsym";
				ENABLE_NS_ASSERTIONS = NO;
				ENABLE_STRICT_OBJC_MSGSEND = YES;
				ENABLE_USER_SCRIPT_SANDBOXING = YES;
				GCC_C_LANGUAGE_STANDARD = gnu17;
				GCC_NO_COMMON_BLOCKS = YES;
				GCC_WARN_64_TO_32_BIT_CONVERSION = YES;
				GCC_WARN_ABOUT_RETURN_TYPE = YES_ERROR;
				GCC_WARN_UNDECLARED_SELECTOR = YES;
				GCC_WARN_UNINITIALIZED_AUTOS = YES_AGGRESSIVE;
				GCC_WARN_UNUSED_FUNCTION = YES;
				GCC_WARN_UNUSED_VARIABLE = YES;
				IPHONEOS_DEPLOYMENT_TARGET = 18.2;
				LOCALIZATION_PREFERS_STRING_CATALOGS = YES;
				MTL_ENABLE_DEBUG_INFO = NO;
				MTL_FAST_MATH = YES;
				SDKROOT = iphoneos;
				SWIFT_COMPILATION_MODE = wholemodule;
				VALIDATE_PRODUCT = YES;
			};
			name = Release;
		};
		CE1CFCE92F6C5A94002DE4D3 /* Debug */ = {
			isa = XCBuildConfiguration;
			baseConfigurationReference = 8F13FE0E74BF0B31CE06C2F0 /* Pods-DemoOffLineDBApp.debug.xcconfig */;
			buildSettings = {
				ASSETCATALOG_COMPILER_APPICON_NAME = AppIcon;
				ASSETCATALOG_COMPILER_GLOBAL_ACCENT_COLOR_NAME = AccentColor;
				ASSETCATALOG_COMPILER_INCLUDE_ALL_APPICON_ASSETS = NO;
				CODE_SIGN_STYLE = Automatic;
				CURRENT_PROJECT_VERSION = 1;
				DEVELOPMENT_ASSET_PATHS = "\"DemoOffLineDBApp/Preview Content\"";
				DEVELOPMENT_TEAM = UD9CQ54GSU;
				ENABLE_PREVIEWS = YES;
				ENABLE_USER_SCRIPT_SANDBOXING = NO;
				GENERATE_INFOPLIST_FILE = YES;
				INFOPLIST_FILE = DemoOffLineDBApp/Info.plist;
				INFOPLIST_KEY_CFBundleDisplayName = FoodApp;
				INFOPLIST_KEY_LSApplicationCategoryType = "public.app-category.food-and-drink";
				INFOPLIST_KEY_UIApplicationSceneManifest_Generation = YES;
				INFOPLIST_KEY_UIApplicationSupportsIndirectInputEvents = YES;
				INFOPLIST_KEY_UISupportedInterfaceOrientations = UIInterfaceOrientationPortrait;
				LD_RUNPATH_SEARCH_PATHS = (
					"$(inherited)",
					"@executable_path/Frameworks",
				);
				MARKETING_VERSION = 1.0;
				PRODUCT_BUNDLE_IDENTIFIER = com.sample.test.pocapp;
				PRODUCT_NAME = "$(TARGET_NAME)";
				SUPPORTED_PLATFORMS = "iphoneos iphonesimulator";
				SUPPORTS_MACCATALYST = NO;
				SUPPORTS_MAC_DESIGNED_FOR_IPHONE_IPAD = NO;
				SUPPORTS_XR_DESIGNED_FOR_IPHONE_IPAD = NO;
				SWIFT_EMIT_LOC_STRINGS = YES;
				SWIFT_VERSION = 5.0;
				TARGETED_DEVICE_FAMILY = 1;
			};
			name = Debug;
		};
		CE1CFCEA2F6C5A94002DE4D3 /* Release */ = {
			isa = XCBuildConfiguration;
			baseConfigurationReference = EA1C381CAAA941FECCA081F7 /* Pods-DemoOffLineDBApp.release.xcconfig */;
			buildSettings = {
				ASSETCATALOG_COMPILER_APPICON_NAME = AppIcon;
				ASSETCATALOG_COMPILER_GLOBAL_ACCENT_COLOR_NAME = AccentColor;
				ASSETCATALOG_COMPILER_INCLUDE_ALL_APPICON_ASSETS = NO;
				CODE_SIGN_STYLE = Automatic;
				CURRENT_PROJECT_VERSION = 1;
				DEVELOPMENT_ASSET_PATHS = "\"DemoOffLineDBApp/Preview Content\"";
				DEVELOPMENT_TEAM = UD9CQ54GSU;
				ENABLE_PREVIEWS = YES;
				ENABLE_USER_SCRIPT_SANDBOXING = NO;
				GENERATE_INFOPLIST_FILE = YES;
				INFOPLIST_FILE = DemoOffLineDBApp/Info.plist;
				INFOPLIST_KEY_CFBundleDisplayName = FoodApp;
				INFOPLIST_KEY_LSApplicationCategoryType = "public.app-category.food-and-drink";
				INFOPLIST_KEY_UIApplicationSceneManifest_Generation = YES;
				INFOPLIST_KEY_UIApplicationSupportsIndirectInputEvents = YES;
				INFOPLIST_KEY_UISupportedInterfaceOrientations = UIInterfaceOrientationPortrait;
				LD_RUNPATH_SEARCH_PATHS = (
					"$(inherited)",
					"@executable_path/Frameworks",
				);
				MARKETING_VERSION = 1.0;
				PRODUCT_BUNDLE_IDENTIFIER = com.sample.test.pocapp;
				PRODUCT_NAME = "$(TARGET_NAME)";
				SUPPORTED_PLATFORMS = "iphoneos iphonesimulator";
				SUPPORTS_MACCATALYST = NO;
				SUPPORTS_MAC_DESIGNED_FOR_IPHONE_IPAD = NO;
				SUPPORTS_XR_DESIGNED_FOR_IPHONE_IPAD = NO;
				SWIFT_EMIT_LOC_STRINGS = YES;
				SWIFT_VERSION = 5.0;
				TARGETED_DEVICE_FAMILY = 1;
			};
			name = Release;
		};
		CE1CFCEC2F6C5A94002DE4D3 /* Debug */ = {
			isa = XCBuildConfiguration;
			baseConfigurationReference = 1E7DF99ADAD347736E140A96 /* Pods-DemoOffLineDBAppTests.debug.xcconfig */;
			buildSettings = {
				BUNDLE_LOADER = "$(TEST_HOST)";
				CODE_SIGN_STYLE = Automatic;
				CURRENT_PROJECT_VERSION = 1;
				ENABLE_USER_SCRIPT_SANDBOXING = NO;
				GENERATE_INFOPLIST_FILE = YES;
				IPHONEOS_DEPLOYMENT_TARGET = 18.2;
				MARKETING_VERSION = 1.0;
				PRODUCT_BUNDLE_IDENTIFIER = user.DemoOffLineDBAppTests;
				PRODUCT_NAME = "$(TARGET_NAME)";
				SWIFT_EMIT_LOC_STRINGS = NO;
				SWIFT_VERSION = 5.0;
				TARGETED_DEVICE_FAMILY = "1,2";
				TEST_HOST = "$(BUILT_PRODUCTS_DIR)/DemoOffLineDBApp.app/$(BUNDLE_EXECUTABLE_FOLDER_PATH)/DemoOffLineDBApp";
			};
			name = Debug;
		};
		CE1CFCED2F6C5A94002DE4D3 /* Release */ = {
			isa = XCBuildConfiguration;
			baseConfigurationReference = F0AA7C71F3DFE1D5FDE48E85 /* Pods-DemoOffLineDBAppTests.release.xcconfig */;
			buildSettings = {
				BUNDLE_LOADER = "$(TEST_HOST)";
				CODE_SIGN_STYLE = Automatic;
				CURRENT_PROJECT_VERSION = 1;
				ENABLE_USER_SCRIPT_SANDBOXING = NO;
				GENERATE_INFOPLIST_FILE = YES;
				IPHONEOS_DEPLOYMENT_TARGET = 18.2;
				MARKETING_VERSION = 1.0;
				PRODUCT_BUNDLE_IDENTIFIER = user.DemoOffLineDBAppTests;
				PRODUCT_NAME = "$(TARGET_NAME)";
				SWIFT_EMIT_LOC_STRINGS = NO;
				SWIFT_VERSION = 5.0;
				TARGETED_DEVICE_FAMILY = "1,2";
				TEST_HOST = "$(BUILT_PRODUCTS_DIR)/DemoOffLineDBApp.app/$(BUNDLE_EXECUTABLE_FOLDER_PATH)/DemoOffLineDBApp";
			};
			name = Release;
		};
		CE1CFCEF2F6C5A94002DE4D3 /* Debug */ = {
			isa = XCBuildConfiguration;
			baseConfigurationReference = 1824BA1B07B082EDA0C23CCF /* Pods-DemoOffLineDBApp-DemoOffLineDBAppUITests.debug.xcconfig */;
			buildSettings = {
				CODE_SIGN_STYLE = Automatic;
				CURRENT_PROJECT_VERSION = 1;
				ENABLE_USER_SCRIPT_SANDBOXING = NO;
				GENERATE_INFOPLIST_FILE = YES;
				MARKETING_VERSION = 1.0;
				PRODUCT_BUNDLE_IDENTIFIER = user.DemoOffLineDBAppUITests;
				PRODUCT_NAME = "$(TARGET_NAME)";
				SWIFT_EMIT_LOC_STRINGS = NO;
				SWIFT_VERSION = 5.0;
				TARGETED_DEVICE_FAMILY = "1,2";
				TEST_TARGET_NAME = DemoOffLineDBApp;
			};
			name = Debug;
		};
		CE1CFCF02F6C5A94002DE4D3 /* Release */ = {
			isa = XCBuildConfiguration;
			baseConfigurationReference = CF351A352B386757B1A91B97 /* Pods-DemoOffLineDBApp-DemoOffLineDBAppUITests.release.xcconfig */;
			buildSettings = {
				CODE_SIGN_STYLE = Automatic;
				CURRENT_PROJECT_VERSION = 1;
				ENABLE_USER_SCRIPT_SANDBOXING = NO;
				GENERATE_INFOPLIST_FILE = YES;
				MARKETING_VERSION = 1.0;
				PRODUCT_BUNDLE_IDENTIFIER = user.DemoOffLineDBAppUITests;
				PRODUCT_NAME = "$(TARGET_NAME)";
				SWIFT_EMIT_LOC_STRINGS = NO;
				SWIFT_VERSION = 5.0;
				TARGETED_DEVICE_FAMILY = "1,2";
				TEST_TARGET_NAME = DemoOffLineDBApp;
			};
			name = Release;
		};
/* End XCBuildConfiguration section */

/* Begin XCConfigurationList section */
		CE1CFCBD2F6C5A91002DE4D3 /* Build configuration list for PBXProject "DemoOffLineDBApp" */ = {
			isa = XCConfigurationList;
			buildConfigurations = (
				CE1CFCE62F6C5A94002DE4D3 /* Debug */,
				CE1CFCE72F6C5A94002DE4D3 /* Release */,
			);
			defaultConfigurationIsVisible = 0;
			defaultConfigurationName = Release;
		};
		CE1CFCE82F6C5A94002DE4D3 /* Build configuration list for PBXNativeTarget "DemoOffLineDBApp" */ = {
			isa = XCConfigurationList;
			buildConfigurations = (
				CE1CFCE92F6C5A94002DE4D3 /* Debug */,
				CE1CFCEA2F6C5A94002DE4D3 /* Release */,
			);
			defaultConfigurationIsVisible = 0;
			defaultConfigurationName = Release;
		};
		CE1CFCEB2F6C5A94002DE4D3 /* Build configuration list for PBXNativeTarget "DemoOffLineDBAppTests" */ = {
			isa = XCConfigurationList;
			buildConfigurations = (
				CE1CFCEC2F6C5A94002DE4D3 /* Debug */,
				CE1CFCED2F6C5A94002DE4D3 /* Release */,
			);
			defaultConfigurationIsVisible = 0;
			defaultConfigurationName = Release;
		};
		CE1CFCEE2F6C5A94002DE4D3 /* Build configuration list for PBXNativeTarget "DemoOffLineDBAppUITests" */ = {
			isa = XCConfigurationList;
			buildConfigurations = (
				CE1CFCEF2F6C5A94002DE4D3 /* Debug */,
				CE1CFCF02F6C5A94002DE4D3 /* Release */,
			);
			defaultConfigurationIsVisible = 0;
			defaultConfigurationName = Release;
		};
/* End XCConfigurationList section */

/* Begin XCRemoteSwiftPackageReference section */
		188C978E2F765F9600DDC987 /* XCRemoteSwiftPackageReference "SDWebImageSwiftUI" */ = {
			isa = XCRemoteSwiftPackageReference;
			repositoryURL = "https://github.com/SDWebImage/SDWebImageSwiftUI.git";
			requirement = {
				kind = upToNextMajorVersion;
				minimumVersion = 3.1.4;
			};
		};
/* End XCRemoteSwiftPackageReference section */

/* Begin XCSwiftPackageProductDependency section */
		188C978F2F765F9600DDC987 /* SDWebImageSwiftUI */ = {
			isa = XCSwiftPackageProductDependency;
			package = 188C978E2F765F9600DDC987 /* XCRemoteSwiftPackageReference "SDWebImageSwiftUI" */;
			productName = SDWebImageSwiftUI;
		};
/* End XCSwiftPackageProductDependency section */
	};
	rootObject = CE1CFCBA2F6C5A91002DE4D3 /* Project object */;
}
