// !$*UTF8*$!
{
	archiveVersion = 1;
	classes = {
	};
	objectVersion = 77;
	objects = {

/* Begin PBXContainerItemProxy section */
		CEFE2F232F6AB31D00EC7A45 /* PBXContainerItemProxy */ = {
			isa = PBXContainerItemProxy;
			containerPortal = CEFE2F082F6AB31A00EC7A45 /* Project object */;
			proxyType = 1;
			remoteGlobalIDString = CEFE2F0F2F6AB31A00EC7A45;
			remoteInfo = DemoLocationApp;
		};
		CEFE2F2D2F6AB31D00EC7A45 /* PBXContainerItemProxy */ = {
			isa = PBXContainerItemProxy;
			containerPortal = CEFE2F082F6AB31A00EC7A45 /* Project object */;
			proxyType = 1;
			remoteGlobalIDString = CEFE2F0F2F6AB31A00EC7A45;
			remoteInfo = DemoLocationApp;
		};
/* End PBXContainerItemProxy section */

/* Begin PBXFileReference section */
		CEFE2F102F6AB31A00EC7A45 /* DemoLocationApp.app */ = {isa = PBXFileReference; explicitFileType = wrapper.application; includeInIndex = 0; path = DemoLocationApp.app; sourceTree = BUILT_PRODUCTS_DIR; };
		CEFE2F222F6AB31D00EC7A45 /* DemoLocationAppTests.xctest */ = {isa = PBXFileReference; explicitFileType = wrapper.cfbundle; includeInIndex = 0; path = DemoLocationAppTests.xctest; sourceTree = BUILT_PRODUCTS_DIR; };
		CEFE2F2C2F6AB31D00EC7A45 /* DemoLocationAppUITests.xctest */ = {isa = PBXFileReference; explicitFileType = wrapper.cfbundle; includeInIndex = 0; path = DemoLocationAppUITests.xctest; sourceTree = BUILT_PRODUCTS_DIR; };
/* End PBXFileReference section */

/* Begin PBXFileSystemSynchronizedBuildFileExceptionSet section */
		CEFE300B2F6AB71A00EC7A45 /* Exceptions for "DemoLocationApp" folder in "DemoLocationAppTests" target */ = {
			isa = PBXFileSystemSynchronizedBuildFileExceptionSet;
			membershipExceptions = (
				Data/Repository/LocationRepository.swift,
				Data/Services/GeocoderService.swift,
				Data/Services/LocationService.swift,
				Domain/Models/LocationModel.swift,
				Domain/RepositoryProtocol/GeocoderServiceProtocol.swift,
				Domain/RepositoryProtocol/LocationRepositoryProtocol.swift,
				Domain/UseCases/GetLocationDetailsUseCase.swift,
				Presentation/ViewModels/MapViewModel.swift,
			);
			target = CEFE2F212F6AB31D00EC7A45 /* DemoLocationAppTests */;
		};
/* End PBXFileSystemSynchronizedBuildFileExceptionSet section */

/* Begin PBXFileSystemSynchronizedRootGroup section */
		CEFE2F122F6AB31A00EC7A45 /* DemoLocationApp */ = {
			isa = PBXFileSystemSynchronizedRootGroup;
			exceptions = (
				CEFE300B2F6AB71A00EC7A45 /* Exceptions for "DemoLocationApp" folder in "DemoLocationAppTests" target */,
			);
			path = DemoLocationApp;
			sourceTree = "<group>";
		};
		CEFE2F252F6AB31D00EC7A45 /* DemoLocationAppTests */ = {
			isa = PBXFileSystemSynchronizedRootGroup;
			path = DemoLocationAppTests;
			sourceTree = "<group>";
		};
		CEFE2F2F2F6AB31D00EC7A45 /* DemoLocationAppUITests */ = {
			isa = PBXFileSystemSynchronizedRootGroup;
			path = DemoLocationAppUITests;
			sourceTree = "<group>";
		};
/* End PBXFileSystemSynchronizedRootGroup section */

/* Begin PBXFrameworksBuildPhase section */
		CEFE2F0D2F6AB31A00EC7A45 /* Frameworks */ = {
			isa = PBXFrameworksBuildPhase;
			buildActionMask = 2147483647;
			files = (
			);
			runOnlyForDeploymentPostprocessing = 0;
		};
		CEFE2F1F2F6AB31D00EC7A45 /* Frameworks */ = {
			isa = PBXFrameworksBuildPhase;
			buildActionMask = 2147483647;
			files = (
			);
			runOnlyForDeploymentPostprocessing = 0;
		};
		CEFE2F292F6AB31D00EC7A45 /* Frameworks */ = {
			isa = PBXFrameworksBuildPhase;
			buildActionMask = 2147483647;
			files = (
			);
			runOnlyForDeploymentPostprocessing = 0;
		};
/* End PBXFrameworksBuildPhase section */

/* Begin PBXGroup section */
		CEFE2F072F6AB31A00EC7A45 = {
			isa = PBXGroup;
			children = (
				CEFE2F122F6AB31A00EC7A45 /* DemoLocationApp */,
				CEFE2F252F6AB31D00EC7A45 /* DemoLocationAppTests */,
				CEFE2F2F2F6AB31D00EC7A45 /* DemoLocationAppUITests */,
				CEFE2F112F6AB31A00EC7A45 /* Products */,
			);
			sourceTree = "<group>";
		};
		CEFE2F112F6AB31A00EC7A45 /* Products */ = {
			isa = PBXGroup;
			children = (
				CEFE2F102F6AB31A00EC7A45 /* DemoLocationApp.app */,
				CEFE2F222F6AB31D00EC7A45 /* DemoLocationAppTests.xctest */,
				CEFE2F2C2F6AB31D00EC7A45 /* DemoLocationAppUITests.xctest */,
			);
			name = Products;
			sourceTree = "<group>";
		};
/* End PBXGroup section */

/* Begin PBXNativeTarget section */
		CEFE2F0F2F6AB31A00EC7A45 /* DemoLocationApp */ = {
			isa = PBXNativeTarget;
			buildConfigurationList = CEFE2F362F6AB31D00EC7A45 /* Build configuration list for PBXNativeTarget "DemoLocationApp" */;
			buildPhases = (
				CEFE2F0C2F6AB31A00EC7A45 /* Sources */,
				CEFE2F0D2F6AB31A00EC7A45 /* Frameworks */,
				CEFE2F0E2F6AB31A00EC7A45 /* Resources */,
			);
			buildRules = (
			);
			dependencies = (
			);
			fileSystemSynchronizedGroups = (
				CEFE2F122F6AB31A00EC7A45 /* DemoLocationApp */,
			);
			name = DemoLocationApp;
			packageProductDependencies = (
			);
			productName = DemoLocationApp;
			productReference = CEFE2F102F6AB31A00EC7A45 /* DemoLocationApp.app */;
			productType = "com.apple.product-type.application";
		};
		CEFE2F212F6AB31D00EC7A45 /* DemoLocationAppTests */ = {
			isa = PBXNativeTarget;
			buildConfigurationList = CEFE2F392F6AB31D00EC7A45 /* Build configuration list for PBXNativeTarget "DemoLocationAppTests" */;
			buildPhases = (
				CEFE2F1E2F6AB31D00EC7A45 /* Sources */,
				CEFE2F1F2F6AB31D00EC7A45 /* Frameworks */,
				CEFE2F202F6AB31D00EC7A45 /* Resources */,
			);
			buildRules = (
			);
			dependencies = (
				CEFE2F242F6AB31D00EC7A45 /* PBXTargetDependency */,
			);
			fileSystemSynchronizedGroups = (
				CEFE2F252F6AB31D00EC7A45 /* DemoLocationAppTests */,
			);
			name = DemoLocationAppTests;
			packageProductDependencies = (
			);
			productName = DemoLocationAppTests;
			productReference = CEFE2F222F6AB31D00EC7A45 /* DemoLocationAppTests.xctest */;
			productType = "com.apple.product-type.bundle.unit-test";
		};
		CEFE2F2B2F6AB31D00EC7A45 /* DemoLocationAppUITests */ = {
			isa = PBXNativeTarget;
			buildConfigurationList = CEFE2F3C2F6AB31D00EC7A45 /* Build configuration list for PBXNativeTarget "DemoLocationAppUITests" */;
			buildPhases = (
				CEFE2F282F6AB31D00EC7A45 /* Sources */,
				CEFE2F292F6AB31D00EC7A45 /* Frameworks */,
				CEFE2F2A2F6AB31D00EC7A45 /* Resources */,
			);
			buildRules = (
			);
			dependencies = (
				CEFE2F2E2F6AB31D00EC7A45 /* PBXTargetDependency */,
			);
			fileSystemSynchronizedGroups = (
				CEFE2F2F2F6AB31D00EC7A45 /* DemoLocationAppUITests */,
			);
			name = DemoLocationAppUITests;
			packageProductDependencies = (
			);
			productName = DemoLocationAppUITests;
			productReference = CEFE2F2C2F6AB31D00EC7A45 /* DemoLocationAppUITests.xctest */;
			productType = "com.apple.product-type.bundle.ui-testing";
		};
/* End PBXNativeTarget section */

/* Begin PBXProject section */
		CEFE2F082F6AB31A00EC7A45 /* Project object */ = {
			isa = PBXProject;
			attributes = {
				BuildIndependentTargetsInParallel = 1;
				LastSwiftUpdateCheck = 1620;
				LastUpgradeCheck = 1620;
				TargetAttributes = {
					CEFE2F0F2F6AB31A00EC7A45 = {
						CreatedOnToolsVersion = 16.2;
					};
					CEFE2F212F6AB31D00EC7A45 = {
						CreatedOnToolsVersion = 16.2;
						TestTargetID = CEFE2F0F2F6AB31A00EC7A45;
					};
					CEFE2F2B2F6AB31D00EC7A45 = {
						CreatedOnToolsVersion = 16.2;
						TestTargetID = CEFE2F0F2F6AB31A00EC7A45;
					};
				};
			};
			buildConfigurationList = CEFE2F0B2F6AB31A00EC7A45 /* Build configuration list for PBXProject "DemoLocationApp" */;
			developmentRegion = en;
			hasScannedForEncodings = 0;
			knownRegions = (
				en,
				Base,
			);
			mainGroup = CEFE2F072F6AB31A00EC7A45;
			minimizedProjectReferenceProxies = 1;
			preferredProjectObjectVersion = 77;
			productRefGroup = CEFE2F112F6AB31A00EC7A45 /* Products */;
			projectDirPath = "";
			projectRoot = "";
			targets = (
				CEFE2F0F2F6AB31A00EC7A45 /* DemoLocationApp */,
				CEFE2F212F6AB31D00EC7A45 /* DemoLocationAppTests */,
				CEFE2F2B2F6AB31D00EC7A45 /* DemoLocationAppUITests */,
			);
		};
/* End PBXProject section */

/* Begin PBXResourcesBuildPhase section */
		CEFE2F0E2F6AB31A00EC7A45 /* Resources */ = {
			isa = PBXResourcesBuildPhase;
			buildActionMask = 2147483647;
			files = (
			);
			runOnlyForDeploymentPostprocessing = 0;
		};
		CEFE2F202F6AB31D00EC7A45 /* Resources */ = {
			isa = PBXResourcesBuildPhase;
			buildActionMask = 2147483647;
			files = (
			);
			runOnlyForDeploymentPostprocessing = 0;
		};
		CEFE2F2A2F6AB31D00EC7A45 /* Resources */ = {
			isa = PBXResourcesBuildPhase;
			buildActionMask = 2147483647;
			files = (
			);
			runOnlyForDeploymentPostprocessing = 0;
		};
/* End PBXResourcesBuildPhase section */

/* Begin PBXSourcesBuildPhase section */
		CEFE2F0C2F6AB31A00EC7A45 /* Sources */ = {
			isa = PBXSourcesBuildPhase;
			buildActionMask = 2147483647;
			files = (
			);
			runOnlyForDeploymentPostprocessing = 0;
		};
		CEFE2F1E2F6AB31D00EC7A45 /* Sources */ = {
			isa = PBXSourcesBuildPhase;
			buildActionMask = 2147483647;
			files = (
			);
			runOnlyForDeploymentPostprocessing = 0;
		};
		CEFE2F282F6AB31D00EC7A45 /* Sources */ = {
			isa = PBXSourcesBuildPhase;
			buildActionMask = 2147483647;
			files = (
			);
			runOnlyForDeploymentPostprocessing = 0;
		};
/* End PBXSourcesBuildPhase section */

/* Begin PBXTargetDependency section */
		CEFE2F242F6AB31D00EC7A45 /* PBXTargetDependency */ = {
			isa = PBXTargetDependency;
			target = CEFE2F0F2F6AB31A00EC7A45 /* DemoLocationApp */;
			targetProxy = CEFE2F232F6AB31D00EC7A45 /* PBXContainerItemProxy */;
		};
		CEFE2F2E2F6AB31D00EC7A45 /* PBXTargetDependency */ = {
			isa = PBXTargetDependency;
			target = CEFE2F0F2F6AB31A00EC7A45 /* DemoLocationApp */;
			targetProxy = CEFE2F2D2F6AB31D00EC7A45 /* PBXContainerItemProxy */;
		};
/* End PBXTargetDependency section */

/* Begin XCBuildConfiguration section */
		CEFE2F342F6AB31D00EC7A45 /* Debug */ = {
			isa = XCBuildConfiguration;
			buildSettings = {
				ALWAYS_SEARCH_USER_PATHS = NO;
				ASSETCATALOG_COMPILER_GENERATE_SWIFT_ASSET_SYMBOL_EXTENSIONS = YES;
				CLANG_ANALYZER_NONNULL = YES;
				CLANG_ANALYZER_NUMBER_OBJECT_CONVERSION = YES_AGGRESSIVE;
				CLANG_CXX_LANGUAGE_STANDARD = "gnu++20";
				CLANG_ENABLE_MODULES = YES;
				CLANG_ENABLE_OBJC_ARC = YES;
				CLANG_ENABLE_OBJC_WEAK = YES;
				CLANG_WARN_BLOCK_CAPTURE_AUTORELEASING = YES;
				CLANG_WARN_BOOL_CONVERSION = YES;
				CLANG_WARN_COMMA = YES;
				CLANG_WARN_CONSTANT_CONVERSION = YES;
				CLANG_WARN_DEPRECATED_OBJC_IMPLEMENTATIONS = YES;
				CLANG_WARN_DIRECT_OBJC_ISA_USAGE = YES_ERROR;
				CLANG_WARN_DOCUMENTATION_COMMENTS = YES;
				CLANG_WARN_EMPTY_BODY = YES;
				CLANG_WARN_ENUM_CONVERSION = YES;
				CLANG_WARN_INFINITE_RECURSION = YES;
				CLANG_WARN_INT_CONVERSION = YES;
				CLANG_WARN_NON_LITERAL_NULL_CONVERSION = YES;
				CLANG_WARN_OBJC_IMPLICIT_RETAIN_SELF = YES;
				CLANG_WARN_OBJC_LITERAL_CONVERSION = YES;
				CLANG_WARN_OBJC_ROOT_CLASS = YES_ERROR;
				CLANG_WARN_QUOTED_INCLUDE_IN_FRAMEWORK_HEADER = YES;
				CLANG_WARN_RANGE_LOOP_ANALYSIS = YES;
				CLANG_WARN_STRICT_PROTOTYPES = YES;
				CLANG_WARN_SUSPICIOUS_MOVE = YES;
				CLANG_WARN_UNGUARDED_AVAILABILITY = YES_AGGRESSIVE;
				CLANG_WARN_UNREACHABLE_CODE = YES;
				CLANG_WARN__DUPLICATE_METHOD_MATCH = YES;
				COPY_PHASE_STRIP = NO;
				DEBUG_INFORMATION_FORMAT = dwarf;
				ENABLE_STRICT_OBJC_MSGSEND = YES;
				ENABLE_TESTABILITY = YES;
				ENABLE_USER_SCRIPT_SANDBOXING = YES;
				GCC_C_LANGUAGE_STANDARD = gnu17;
				GCC_DYNAMIC_NO_PIC = NO;
				GCC_NO_COMMON_BLOCKS = YES;
				GCC_OPTIMIZATION_LEVEL = 0;
				GCC_PREPROCESSOR_DEFINITIONS = (
					"DEBUG=1",
					"$(inherited)",
				);
				GCC_WARN_64_TO_32_BIT_CONVERSION = YES;
				GCC_WARN_ABOUT_RETURN_TYPE = YES_ERROR;
				GCC_WARN_UNDECLARED_SELECTOR = YES;
				GCC_WARN_UNINITIALIZED_AUTOS = YES_AGGRESSIVE;
				GCC_WARN_UNUSED_FUNCTION = YES;
				GCC_WARN_UNUSED_VARIABLE = YES;
				IPHONEOS_DEPLOYMENT_TARGET = 18.2;
				LOCALIZATION_PREFERS_STRING_CATALOGS = YES;
				MTL_ENABLE_DEBUG_INFO = INCLUDE_SOURCE;
				MTL_FAST_MATH = YES;
				ONLY_ACTIVE_ARCH = YES;
				SDKROOT = iphoneos;
				SWIFT_ACTIVE_COMPILATION_CONDITIONS = "DEBUG $(inherited)";
				SWIFT_OPTIMIZATION_LEVEL = "-Onone";
			};
			name = Debug;
		};
		CEFE2F352F6AB31D00EC7A45 /* Release */ = {
			isa = XCBuildConfiguration;
			buildSettings = {
				ALWAYS_SEARCH_USER_PATHS = NO;
				ASSETCATALOG_COMPILER_GENERATE_SWIFT_ASSET_SYMBOL_EXTENSIONS = YES;
				CLANG_ANALYZER_NONNULL = YES;
				CLANG_ANALYZER_NUMBER_OBJECT_CONVERSION = YES_AGGRESSIVE;
				CLANG_CXX_LANGUAGE_STANDARD = "gnu++20";
				CLANG_ENABLE_MODULES = YES;
				CLANG_ENABLE_OBJC_ARC = YES;
				CLANG_ENABLE_OBJC_WEAK = YES;
				CLANG_WARN_BLOCK_CAPTURE_AUTORELEASING = YES;
				CLANG_WARN_BOOL_CONVERSION = YES;
				CLANG_WARN_COMMA = YES;
				CLANG_WARN_CONSTANT_CONVERSION = YES;
				CLANG_WARN_DEPRECATED_OBJC_IMPLEMENTATIONS = YES;
				CLANG_WARN_DIRECT_OBJC_ISA_USAGE = YES_ERROR;
				CLANG_WARN_DOCUMENTATION_COMMENTS = YES;
				CLANG_WARN_EMPTY_BODY = YES;
				CLANG_WARN_ENUM_CONVERSION = YES;
				CLANG_WARN_INFINITE_RECURSION = YES;
				CLANG_WARN_INT_CONVERSION = YES;
				CLANG_WARN_NON_LITERAL_NULL_CONVERSION = YES;
				CLANG_WARN_OBJC_IMPLICIT_RETAIN_SELF = YES;
				CLANG_WARN_OBJC_LITERAL_CONVERSION = YES;
				CLANG_WARN_OBJC_ROOT_CLASS = YES_ERROR;
				CLANG_WARN_QUOTED_INCLUDE_IN_FRAMEWORK_HEADER = YES;
				CLANG_WARN_RANGE_LOOP_ANALYSIS = YES;
				CLANG_WARN_STRICT_PROTOTYPES = YES;
				CLANG_WARN_SUSPICIOUS_MOVE = YES;
				CLANG_WARN_UNGUARDED_AVAILABILITY = YES_AGGRESSIVE;
				CLANG_WARN_UNREACHABLE_CODE = YES;
				CLANG_WARN__DUPLICATE_METHOD_MATCH = YES;
				COPY_PHASE_STRIP = NO;
				DEBUG_INFORMATION_FORMAT = "dwarf-with-dsym";
				ENABLE_NS_ASSERTIONS = NO;
				ENABLE_STRICT_OBJC_MSGSEND = YES;
				ENABLE_USER_SCRIPT_SANDBOXING = YES;
				GCC_C_LANGUAGE_STANDARD = gnu17;
				GCC_NO_COMMON_BLOCKS = YES;
				GCC_WARN_64_TO_32_BIT_CONVERSION = YES;
				GCC_WARN_ABOUT_RETURN_TYPE = YES_ERROR;
				GCC_WARN_UNDECLARED_SELECTOR = YES;
				GCC_WARN_UNINITIALIZED_AUTOS = YES_AGGRESSIVE;
				GCC_WARN_UNUSED_FUNCTION = YES;
				GCC_WARN_UNUSED_VARIABLE = YES;
				IPHONEOS_DEPLOYMENT_TARGET = 18.2;
				LOCALIZATION_PREFERS_STRING_CATALOGS = YES;
				MTL_ENABLE_DEBUG_INFO = NO;
				MTL_FAST_MATH = YES;
				SDKROOT = iphoneos;
				SWIFT_COMPILATION_MODE = wholemodule;
				VALIDATE_PRODUCT = YES;
			};
			name = Release;
		};
		CEFE2F372F6AB31D00EC7A45 /* Debug */ = {
			isa = XCBuildConfiguration;
			buildSettings = {
				ASSETCATALOG_COMPILER_APPICON_NAME = AppIcon;
				ASSETCATALOG_COMPILER_GLOBAL_ACCENT_COLOR_NAME = AccentColor;
				CODE_SIGN_STYLE = Automatic;
				CURRENT_PROJECT_VERSION = 1;
				DEVELOPMENT_ASSET_PATHS = "\"DemoLocationApp/Preview Content\"";
				ENABLE_PREVIEWS = YES;
				GENERATE_INFOPLIST_FILE = YES;
				INFOPLIST_KEY_NSLocationWhenInUseUsageDescription = "We need your location to show it on the map";
				INFOPLIST_KEY_UIApplicationSceneManifest_Generation = YES;
				INFOPLIST_KEY_UIApplicationSupportsIndirectInputEvents = YES;
				INFOPLIST_KEY_UILaunchScreen_Generation = YES;
				INFOPLIST_KEY_UISupportedInterfaceOrientations_iPad = "UIInterfaceOrientationPortrait UIInterfaceOrientationPortraitUpsideDown UIInterfaceOrientationLandscapeLeft UIInterfaceOrientationLandscapeRight";
				INFOPLIST_KEY_UISupportedInterfaceOrientations_iPhone = "UIInterfaceOrientationPortrait UIInterfaceOrientationLandscapeLeft UIInterfaceOrientationLandscapeRight";
				LD_RUNPATH_SEARCH_PATHS = (
					"$(inherited)",
					"@executable_path/Frameworks",
				);
				MARKETING_VERSION = 1.0;
				PRODUCT_BUNDLE_IDENTIFIER = user.DemoLocationApp;
				PRODUCT_NAME = "$(TARGET_NAME)";
				SWIFT_EMIT_LOC_STRINGS = YES;
				SWIFT_VERSION = 5.0;
				TARGETED_DEVICE_FAMILY = "1,2";
			};
			name = Debug;
		};
		CEFE2F382F6AB31D00EC7A45 /* Release */ = {
			isa = XCBuildConfiguration;
			buildSettings = {
				ASSETCATALOG_COMPILER_APPICON_NAME = AppIcon;
				ASSETCATALOG_COMPILER_GLOBAL_ACCENT_COLOR_NAME = AccentColor;
				CODE_SIGN_STYLE = Automatic;
				CURRENT_PROJECT_VERSION = 1;
				DEVELOPMENT_ASSET_PATHS = "\"DemoLocationApp/Preview Content\"";
				ENABLE_PREVIEWS = YES;
				GENERATE_INFOPLIST_FILE = YES;
				INFOPLIST_KEY_NSLocationWhenInUseUsageDescription = "We need your location to show it on the map";
				INFOPLIST_KEY_UIApplicationSceneManifest_Generation = YES;
				INFOPLIST_KEY_UIApplicationSupportsIndirectInputEvents = YES;
				INFOPLIST_KEY_UILaunchScreen_Generation = YES;
				INFOPLIST_KEY_UISupportedInterfaceOrientations_iPad = "UIInterfaceOrientationPortrait UIInterfaceOrientationPortraitUpsideDown UIInterfaceOrientationLandscapeLeft UIInterfaceOrientationLandscapeRight";
				INFOPLIST_KEY_UISupportedInterfaceOrientations_iPhone = "UIInterfaceOrientationPortrait UIInterfaceOrientationLandscapeLeft UIInterfaceOrientationLandscapeRight";
				LD_RUNPATH_SEARCH_PATHS = (
					"$(inherited)",
					"@executable_path/Frameworks",
				);
				MARKETING_VERSION = 1.0;
				PRODUCT_BUNDLE_IDENTIFIER = user.DemoLocationApp;
				PRODUCT_NAME = "$(TARGET_NAME)";
				SWIFT_EMIT_LOC_STRINGS = YES;
				SWIFT_VERSION = 5.0;
				TARGETED_DEVICE_FAMILY = "1,2";
			};
			name = Release;
		};
		CEFE2F3A2F6AB31D00EC7A45 /* Debug */ = {
			isa = XCBuildConfiguration;
			buildSettings = {
				BUNDLE_LOADER = "$(TEST_HOST)";
				CODE_SIGN_STYLE = Automatic;
				CURRENT_PROJECT_VERSION = 1;
				GENERATE_INFOPLIST_FILE = YES;
				IPHONEOS_DEPLOYMENT_TARGET = 18.2;
				MARKETING_VERSION = 1.0;
				PRODUCT_BUNDLE_IDENTIFIER = user.DemoLocationAppTests;
				PRODUCT_NAME = "$(TARGET_NAME)";
				SWIFT_EMIT_LOC_STRINGS = NO;
				SWIFT_VERSION = 5.0;
				TARGETED_DEVICE_FAMILY = "1,2";
				TEST_HOST = "$(BUILT_PRODUCTS_DIR)/DemoLocationApp.app/$(BUNDLE_EXECUTABLE_FOLDER_PATH)/DemoLocationApp";
			};
			name = Debug;
		};
		CEFE2F3B2F6AB31D00EC7A45 /* Release */ = {
			isa = XCBuildConfiguration;
			buildSettings = {
				BUNDLE_LOADER = "$(TEST_HOST)";
				CODE_SIGN_STYLE = Automatic;
				CURRENT_PROJECT_VERSION = 1;
				GENERATE_INFOPLIST_FILE = YES;
				IPHONEOS_DEPLOYMENT_TARGET = 18.2;
				MARKETING_VERSION = 1.0;
				PRODUCT_BUNDLE_IDENTIFIER = user.DemoLocationAppTests;
				PRODUCT_NAME = "$(TARGET_NAME)";
				SWIFT_EMIT_LOC_STRINGS = NO;
				SWIFT_VERSION = 5.0;
				TARGETED_DEVICE_FAMILY = "1,2";
				TEST_HOST = "$(BUILT_PRODUCTS_DIR)/DemoLocationApp.app/$(BUNDLE_EXECUTABLE_FOLDER_PATH)/DemoLocationApp";
			};
			name = Release;
		};
		CEFE2F3D2F6AB31D00EC7A45 /* Debug */ = {
			isa = XCBuildConfiguration;
			buildSettings = {
				CODE_SIGN_STYLE = Automatic;
				CURRENT_PROJECT_VERSION = 1;
				GENERATE_INFOPLIST_FILE = YES;
				MARKETING_VERSION = 1.0;
				PRODUCT_BUNDLE_IDENTIFIER = user.DemoLocationAppUITests;
				PRODUCT_NAME = "$(TARGET_NAME)";
				SWIFT_EMIT_LOC_STRINGS = NO;
				SWIFT_VERSION = 5.0;
				TARGETED_DEVICE_FAMILY = "1,2";
				TEST_TARGET_NAME = DemoLocationApp;
			};
			name = Debug;
		};
		CEFE2F3E2F6AB31D00EC7A45 /* Release */ = {
			isa = XCBuildConfiguration;
			buildSettings = {
				CODE_SIGN_STYLE = Automatic;
				CURRENT_PROJECT_VERSION = 1;
				GENERATE_INFOPLIST_FILE = YES;
				MARKETING_VERSION = 1.0;
				PRODUCT_BUNDLE_IDENTIFIER = user.DemoLocationAppUITests;
				PRODUCT_NAME = "$(TARGET_NAME)";
				SWIFT_EMIT_LOC_STRINGS = NO;
				SWIFT_VERSION = 5.0;
				TARGETED_DEVICE_FAMILY = "1,2";
				TEST_TARGET_NAME = DemoLocationApp;
			};
			name = Release;
		};
/* End XCBuildConfiguration section */

/* Begin XCConfigurationList section */
		CEFE2F0B2F6AB31A00EC7A45 /* Build configuration list for PBXProject "DemoLocationApp" */ = {
			isa = XCConfigurationList;
			buildConfigurations = (
				CEFE2F342F6AB31D00EC7A45 /* Debug */,
				CEFE2F352F6AB31D00EC7A45 /* Release */,
			);
			defaultConfigurationIsVisible = 0;
			defaultConfigurationName = Release;
		};
		CEFE2F362F6AB31D00EC7A45 /* Build configuration list for PBXNativeTarget "DemoLocationApp" */ = {
			isa = XCConfigurationList;
			buildConfigurations = (
				CEFE2F372F6AB31D00EC7A45 /* Debug */,
				CEFE2F382F6AB31D00EC7A45 /* Release */,
			);
			defaultConfigurationIsVisible = 0;
			defaultConfigurationName = Release;
		};
		CEFE2F392F6AB31D00EC7A45 /* Build configuration list for PBXNativeTarget "DemoLocationAppTests" */ = {
			isa = XCConfigurationList;
			buildConfigurations = (
				CEFE2F3A2F6AB31D00EC7A45 /* Debug */,
				CEFE2F3B2F6AB31D00EC7A45 /* Release */,
			);
			defaultConfigurationIsVisible = 0;
			defaultConfigurationName = Release;
		};
		CEFE2F3C2F6AB31D00EC7A45 /* Build configuration list for PBXNativeTarget "DemoLocationAppUITests" */ = {
			isa = XCConfigurationList;
			buildConfigurations = (
				CEFE2F3D2F6AB31D00EC7A45 /* Debug */,
				CEFE2F3E2F6AB31D00EC7A45 /* Release */,
			);
			defaultConfigurationIsVisible = 0;
			defaultConfigurationName = Release;
		};
/* End XCConfigurationList section */
	};
	rootObject = CEFE2F082F6AB31A00EC7A45 /* Project object */;
}
