// !$*UTF8*$!
{
	archiveVersion = 1;
	classes = {
	};
	objectVersion = 77;
	objects = {

/* Begin PBXContainerItemProxy section */
		CEF46EB92F51C5300042B31A /* PBXContainerItemProxy */ = {
			isa = PBXContainerItemProxy;
			containerPortal = CEF46EA02F51C52E0042B31A /* Project object */;
			proxyType = 1;
			remoteGlobalIDString = CEF46EA72F51C52E0042B31A;
			remoteInfo = DemoSOILD;
		};
		CEF46EC32F51C5310042B31A /* PBXContainerItemProxy */ = {
			isa = PBXContainerItemProxy;
			containerPortal = CEF46EA02F51C52E0042B31A /* Project object */;
			proxyType = 1;
			remoteGlobalIDString = CEF46EA72F51C52E0042B31A;
			remoteInfo = DemoSOILD;
		};
/* End PBXContainerItemProxy section */

/* Begin PBXFileReference section */
		CEF46EA82F51C52E0042B31A /* DemoSOILD.app */ = {isa = PBXFileReference; explicitFileType = wrapper.application; includeInIndex = 0; path = DemoSOILD.app; sourceTree = BUILT_PRODUCTS_DIR; };
		CEF46EB82F51C5300042B31A /* DemoSOILDTests.xctest */ = {isa = PBXFileReference; explicitFileType = wrapper.cfbundle; includeInIndex = 0; path = DemoSOILDTests.xctest; sourceTree = BUILT_PRODUCTS_DIR; };
		CEF46EC22F51C5310042B31A /* DemoSOILDUITests.xctest */ = {isa = PBXFileReference; explicitFileType = wrapper.cfbundle; includeInIndex = 0; path = DemoSOILDUITests.xctest; sourceTree = BUILT_PRODUCTS_DIR; };
/* End PBXFileReference section */

/* Begin PBXFileSystemSynchronizedRootGroup section */
		CEF46EAA2F51C52E0042B31A /* DemoSOILD */ = {
			isa = PBXFileSystemSynchronizedRootGroup;
			path = DemoSOILD;
			sourceTree = "<group>";
		};
		CEF46EBB2F51C5310042B31A /* DemoSOILDTests */ = {
			isa = PBXFileSystemSynchronizedRootGroup;
			path = DemoSOILDTests;
			sourceTree = "<group>";
		};
		CEF46EC52F51C5310042B31A /* DemoSOILDUITests */ = {
			isa = PBXFileSystemSynchronizedRootGroup;
			path = DemoSOILDUITests;
			sourceTree = "<group>";
		};
/* End PBXFileSystemSynchronizedRootGroup section */

/* Begin PBXFrameworksBuildPhase section */
		CEF46EA52F51C52E0042B31A /* Frameworks */ = {
			isa = PBXFrameworksBuildPhase;
			buildActionMask = 2147483647;
			files = (
			);
			runOnlyForDeploymentPostprocessing = 0;
		};
		CEF46EB52F51C5300042B31A /* Frameworks */ = {
			isa = PBXFrameworksBuildPhase;
			buildActionMask = 2147483647;
			files = (
			);
			runOnlyForDeploymentPostprocessing = 0;
		};
		CEF46EBF2F51C5310042B31A /* Frameworks */ = {
			isa = PBXFrameworksBuildPhase;
			buildActionMask = 2147483647;
			files = (
			);
			runOnlyForDeploymentPostprocessing = 0;
		};
/* End PBXFrameworksBuildPhase section */

/* Begin PBXGroup section */
		CEF46E9F2F51C52E0042B31A = {
			isa = PBXGroup;
			children = (
				CEF46EAA2F51C52E0042B31A /* DemoSOILD */,
				CEF46EBB2F51C5310042B31A /* DemoSOILDTests */,
				CEF46EC52F51C5310042B31A /* DemoSOILDUITests */,
				CEF46EA92F51C52E0042B31A /* Products */,
			);
			sourceTree = "<group>";
		};
		CEF46EA92F51C52E0042B31A /* Products */ = {
			isa = PBXGroup;
			children = (
				CEF46EA82F51C52E0042B31A /* DemoSOILD.app */,
				CEF46EB82F51C5300042B31A /* DemoSOILDTests.xctest */,
				CEF46EC22F51C5310042B31A /* DemoSOILDUITests.xctest */,
			);
			name = Products;
			sourceTree = "<group>";
		};
/* End PBXGroup section */

/* Begin PBXNativeTarget section */
		CEF46EA72F51C52E0042B31A /* DemoSOILD */ = {
			isa = PBXNativeTarget;
			buildConfigurationList = CEF46ECC2F51C5310042B31A /* Build configuration list for PBXNativeTarget "DemoSOILD" */;
			buildPhases = (
				CEF46EA42F51C52E0042B31A /* Sources */,
				CEF46EA52F51C52E0042B31A /* Frameworks */,
				CEF46EA62F51C52E0042B31A /* Resources */,
			);
			buildRules = (
			);
			dependencies = (
			);
			fileSystemSynchronizedGroups = (
				CEF46EAA2F51C52E0042B31A /* DemoSOILD */,
			);
			name = DemoSOILD;
			packageProductDependencies = (
			);
			productName = DemoSOILD;
			productReference = CEF46EA82F51C52E0042B31A /* DemoSOILD.app */;
			productType = "com.apple.product-type.application";
		};
		CEF46EB72F51C5300042B31A /* DemoSOILDTests */ = {
			isa = PBXNativeTarget;
			buildConfigurationList = CEF46ECF2F51C5310042B31A /* Build configuration list for PBXNativeTarget "DemoSOILDTests" */;
			buildPhases = (
				CEF46EB42F51C5300042B31A /* Sources */,
				CEF46EB52F51C5300042B31A /* Frameworks */,
				CEF46EB62F51C5300042B31A /* Resources */,
			);
			buildRules = (
			);
			dependencies = (
				CEF46EBA2F51C5300042B31A /* PBXTargetDependency */,
			);
			fileSystemSynchronizedGroups = (
				CEF46EBB2F51C5310042B31A /* DemoSOILDTests */,
			);
			name = DemoSOILDTests;
			packageProductDependencies = (
			);
			productName = DemoSOILDTests;
			productReference = CEF46EB82F51C5300042B31A /* DemoSOILDTests.xctest */;
			productType = "com.apple.product-type.bundle.unit-test";
		};
		CEF46EC12F51C5310042B31A /* DemoSOILDUITests */ = {
			isa = PBXNativeTarget;
			buildConfigurationList = CEF46ED22F51C5310042B31A /* Build configuration list for PBXNativeTarget "DemoSOILDUITests" */;
			buildPhases = (
				CEF46EBE2F51C5310042B31A /* Sources */,
				CEF46EBF2F51C5310042B31A /* Frameworks */,
				CEF46EC02F51C5310042B31A /* Resources */,
			);
			buildRules = (
			);
			dependencies = (
				CEF46EC42F51C5310042B31A /* PBXTargetDependency */,
			);
			fileSystemSynchronizedGroups = (
				CEF46EC52F51C5310042B31A /* DemoSOILDUITests */,
			);
			name = DemoSOILDUITests;
			packageProductDependencies = (
			);
			productName = DemoSOILDUITests;
			productReference = CEF46EC22F51C5310042B31A /* DemoSOILDUITests.xctest */;
			productType = "com.apple.product-type.bundle.ui-testing";
		};
/* End PBXNativeTarget section */

/* Begin PBXProject section */
		CEF46EA02F51C52E0042B31A /* Project object */ = {
			isa = PBXProject;
			attributes = {
				BuildIndependentTargetsInParallel = 1;
				LastSwiftUpdateCheck = 1620;
				LastUpgradeCheck = 1620;
				TargetAttributes = {
					CEF46EA72F51C52E0042B31A = {
						CreatedOnToolsVersion = 16.2;
					};
					CEF46EB72F51C5300042B31A = {
						CreatedOnToolsVersion = 16.2;
						TestTargetID = CEF46EA72F51C52E0042B31A;
					};
					CEF46EC12F51C5310042B31A = {
						CreatedOnToolsVersion = 16.2;
						TestTargetID = CEF46EA72F51C52E0042B31A;
					};
				};
			};
			buildConfigurationList = CEF46EA32F51C52E0042B31A /* Build configuration list for PBXProject "DemoSOILD" */;
			developmentRegion = en;
			hasScannedForEncodings = 0;
			knownRegions = (
				en,
				Base,
			);
			mainGroup = CEF46E9F2F51C52E0042B31A;
			minimizedProjectReferenceProxies = 1;
			preferredProjectObjectVersion = 77;
			productRefGroup = CEF46EA92F51C52E0042B31A /* Products */;
			projectDirPath = "";
			projectRoot = "";
			targets = (
				CEF46EA72F51C52E0042B31A /* DemoSOILD */,
				CEF46EB72F51C5300042B31A /* DemoSOILDTests */,
				CEF46EC12F51C5310042B31A /* DemoSOILDUITests */,
			);
		};
/* End PBXProject section */

/* Begin PBXResourcesBuildPhase section */
		CEF46EA62F51C52E0042B31A /* Resources */ = {
			isa = PBXResourcesBuildPhase;
			buildActionMask = 2147483647;
			files = (
			);
			runOnlyForDeploymentPostprocessing = 0;
		};
		CEF46EB62F51C5300042B31A /* Resources */ = {
			isa = PBXResourcesBuildPhase;
			buildActionMask = 2147483647;
			files = (
			);
			runOnlyForDeploymentPostprocessing = 0;
		};
		CEF46EC02F51C5310042B31A /* Resources */ = {
			isa = PBXResourcesBuildPhase;
			buildActionMask = 2147483647;
			files = (
			);
			runOnlyForDeploymentPostprocessing = 0;
		};
/* End PBXResourcesBuildPhase section */

/* Begin PBXSourcesBuildPhase section */
		CEF46EA42F51C52E0042B31A /* Sources */ = {
			isa = PBXSourcesBuildPhase;
			buildActionMask = 2147483647;
			files = (
			);
			runOnlyForDeploymentPostprocessing = 0;
		};
		CEF46EB42F51C5300042B31A /* Sources */ = {
			isa = PBXSourcesBuildPhase;
			buildActionMask = 2147483647;
			files = (
			);
			runOnlyForDeploymentPostprocessing = 0;
		};
		CEF46EBE2F51C5310042B31A /* Sources */ = {
			isa = PBXSourcesBuildPhase;
			buildActionMask = 2147483647;
			files = (
			);
			runOnlyForDeploymentPostprocessing = 0;
		};
/* End PBXSourcesBuildPhase section */

/* Begin PBXTargetDependency section */
		CEF46EBA2F51C5300042B31A /* PBXTargetDependency */ = {
			isa = PBXTargetDependency;
			target = CEF46EA72F51C52E0042B31A /* DemoSOILD */;
			targetProxy = CEF46EB92F51C5300042B31A /* PBXContainerItemProxy */;
		};
		CEF46EC42F51C5310042B31A /* PBXTargetDependency */ = {
			isa = PBXTargetDependency;
			target = CEF46EA72F51C52E0042B31A /* DemoSOILD */;
			targetProxy = CEF46EC32F51C5310042B31A /* PBXContainerItemProxy */;
		};
/* End PBXTargetDependency section */

/* Begin XCBuildConfiguration section */
		CEF46ECA2F51C5310042B31A /* Debug */ = {
			isa = XCBuildConfiguration;
			buildSettings = {
				ALWAYS_SEARCH_USER_PATHS = NO;
				ASSETCATALOG_COMPILER_GENERATE_SWIFT_ASSET_SYMBOL_EXTENSIONS = YES;
				CLANG_ANALYZER_NONNULL = YES;
				CLANG_ANALYZER_NUMBER_OBJECT_CONVERSION = YES_AGGRESSIVE;
				CLANG_CXX_LANGUAGE_STANDARD = "gnu++20";
				CLANG_ENABLE_MODULES = YES;
				CLANG_ENABLE_OBJC_ARC = YES;
				CLANG_ENABLE_OBJC_WEAK = YES;
				CLANG_WARN_BLOCK_CAPTURE_AUTORELEASING = YES;
				CLANG_WARN_BOOL_CONVERSION = YES;
				CLANG_WARN_COMMA = YES;
				CLANG_WARN_CONSTANT_CONVERSION = YES;
				CLANG_WARN_DEPRECATED_OBJC_IMPLEMENTATIONS = YES;
				CLANG_WARN_DIRECT_OBJC_ISA_USAGE = YES_ERROR;
				CLANG_WARN_DOCUMENTATION_COMMENTS = YES;
				CLANG_WARN_EMPTY_BODY = YES;
				CLANG_WARN_ENUM_CONVERSION = YES;
				CLANG_WARN_INFINITE_RECURSION = YES;
				CLANG_WARN_INT_CONVERSION = YES;
				CLANG_WARN_NON_LITERAL_NULL_CONVERSION = YES;
				CLANG_WARN_OBJC_IMPLICIT_RETAIN_SELF = YES;
				CLANG_WARN_OBJC_LITERAL_CONVERSION = YES;
				CLANG_WARN_OBJC_ROOT_CLASS = YES_ERROR;
				CLANG_WARN_QUOTED_INCLUDE_IN_FRAMEWORK_HEADER = YES;
				CLANG_WARN_RANGE_LOOP_ANALYSIS = YES;
				CLANG_WARN_STRICT_PROTOTYPES = YES;
				CLANG_WARN_SUSPICIOUS_MOVE = YES;
				CLANG_WARN_UNGUARDED_AVAILABILITY = YES_AGGRESSIVE;
				CLANG_WARN_UNREACHABLE_CODE = YES;
				CLANG_WARN__DUPLICATE_METHOD_MATCH = YES;
				COPY_PHASE_STRIP = NO;
				DEBUG_INFORMATION_FORMAT = dwarf;
				ENABLE_STRICT_OBJC_MSGSEND = YES;
				ENABLE_TESTABILITY = YES;
				ENABLE_USER_SCRIPT_SANDBOXING = YES;
				GCC_C_LANGUAGE_STANDARD = gnu17;
				GCC_DYNAMIC_NO_PIC = NO;
				GCC_NO_COMMON_BLOCKS = YES;
				GCC_OPTIMIZATION_LEVEL = 0;
				GCC_PREPROCESSOR_DEFINITIONS = (
					"DEBUG=1",
					"$(inherited)",
				);
				GCC_WARN_64_TO_32_BIT_CONVERSION = YES;
				GCC_WARN_ABOUT_RETURN_TYPE = YES_ERROR;
				GCC_WARN_UNDECLARED_SELECTOR = YES;
				GCC_WARN_UNINITIALIZED_AUTOS = YES_AGGRESSIVE;
				GCC_WARN_UNUSED_FUNCTION = YES;
				GCC_WARN_UNUSED_VARIABLE = YES;
				IPHONEOS_DEPLOYMENT_TARGET = 18.2;
				LOCALIZATION_PREFERS_STRING_CATALOGS = YES;
				MTL_ENABLE_DEBUG_INFO = INCLUDE_SOURCE;
				MTL_FAST_MATH = YES;
				ONLY_ACTIVE_ARCH = YES;
				SDKROOT = iphoneos;
				SWIFT_ACTIVE_COMPILATION_CONDITIONS = "DEBUG $(inherited)";
				SWIFT_OPTIMIZATION_LEVEL = "-Onone";
			};
			name = Debug;
		};
		CEF46ECB2F51C5310042B31A /* Release */ = {
			isa = XCBuildConfiguration;
			buildSettings = {
				ALWAYS_SEARCH_USER_PATHS = NO;
				ASSETCATALOG_COMPILER_GENERATE_SWIFT_ASSET_SYMBOL_EXTENSIONS = YES;
				CLANG_ANALYZER_NONNULL = YES;
				CLANG_ANALYZER_NUMBER_OBJECT_CONVERSION = YES_AGGRESSIVE;
				CLANG_CXX_LANGUAGE_STANDARD = "gnu++20";
				CLANG_ENABLE_MODULES = YES;
				CLANG_ENABLE_OBJC_ARC = YES;
				CLANG_ENABLE_OBJC_WEAK = YES;
				CLANG_WARN_BLOCK_CAPTURE_AUTORELEASING = YES;
				CLANG_WARN_BOOL_CONVERSION = YES;
				CLANG_WARN_COMMA = YES;
				CLANG_WARN_CONSTANT_CONVERSION = YES;
				CLANG_WARN_DEPRECATED_OBJC_IMPLEMENTATIONS = YES;
				CLANG_WARN_DIRECT_OBJC_ISA_USAGE = YES_ERROR;
				CLANG_WARN_DOCUMENTATION_COMMENTS = YES;
				CLANG_WARN_EMPTY_BODY = YES;
				CLANG_WARN_ENUM_CONVERSION = YES;
				CLANG_WARN_INFINITE_RECURSION = YES;
				CLANG_WARN_INT_CONVERSION = YES;
				CLANG_WARN_NON_LITERAL_NULL_CONVERSION = YES;
				CLANG_WARN_OBJC_IMPLICIT_RETAIN_SELF = YES;
				CLANG_WARN_OBJC_LITERAL_CONVERSION = YES;
				CLANG_WARN_OBJC_ROOT_CLASS = YES_ERROR;
				CLANG_WARN_QUOTED_INCLUDE_IN_FRAMEWORK_HEADER = YES;
				CLANG_WARN_RANGE_LOOP_ANALYSIS = YES;
				CLANG_WARN_STRICT_PROTOTYPES = YES;
				CLANG_WARN_SUSPICIOUS_MOVE = YES;
				CLANG_WARN_UNGUARDED_AVAILABILITY = YES_AGGRESSIVE;
				CLANG_WARN_UNREACHABLE_CODE = YES;
				CLANG_WARN__DUPLICATE_METHOD_MATCH = YES;
				COPY_PHASE_STRIP = NO;
				DEBUG_INFORMATION_FORMAT = "dwarf-with-dsym";
				ENABLE_NS_ASSERTIONS = NO;
				ENABLE_STRICT_OBJC_MSGSEND = YES;
				ENABLE_USER_SCRIPT_SANDBOXING = YES;
				GCC_C_LANGUAGE_STANDARD = gnu17;
				GCC_NO_COMMON_BLOCKS = YES;
				GCC_WARN_64_TO_32_BIT_CONVERSION = YES;
				GCC_WARN_ABOUT_RETURN_TYPE = YES_ERROR;
				GCC_WARN_UNDECLARED_SELECTOR = YES;
				GCC_WARN_UNINITIALIZED_AUTOS = YES_AGGRESSIVE;
				GCC_WARN_UNUSED_FUNCTION = YES;
				GCC_WARN_UNUSED_VARIABLE = YES;
				IPHONEOS_DEPLOYMENT_TARGET = 18.2;
				LOCALIZATION_PREFERS_STRING_CATALOGS = YES;
				MTL_ENABLE_DEBUG_INFO = NO;
				MTL_FAST_MATH = YES;
				SDKROOT = iphoneos;
				SWIFT_COMPILATION_MODE = wholemodule;
				VALIDATE_PRODUCT = YES;
			};
			name = Release;
		};
		CEF46ECD2F51C5310042B31A /* Debug */ = {
			isa = XCBuildConfiguration;
			buildSettings = {
				ASSETCATALOG_COMPILER_APPICON_NAME = AppIcon;
				ASSETCATALOG_COMPILER_GLOBAL_ACCENT_COLOR_NAME = AccentColor;
				CODE_SIGN_STYLE = Automatic;
				CURRENT_PROJECT_VERSION = 1;
				DEVELOPMENT_ASSET_PATHS = "\"DemoSOILD/Preview Content\"";
				ENABLE_PREVIEWS = YES;
				GENERATE_INFOPLIST_FILE = YES;
				INFOPLIST_KEY_UIApplicationSceneManifest_Generation = YES;
				INFOPLIST_KEY_UIApplicationSupportsIndirectInputEvents = YES;
				INFOPLIST_KEY_UILaunchScreen_Generation = YES;
				INFOPLIST_KEY_UISupportedInterfaceOrientations_iPad = "UIInterfaceOrientationPortrait UIInterfaceOrientationPortraitUpsideDown UIInterfaceOrientationLandscapeLeft UIInterfaceOrientationLandscapeRight";
				INFOPLIST_KEY_UISupportedInterfaceOrientations_iPhone = "UIInterfaceOrientationPortrait UIInterfaceOrientationLandscapeLeft UIInterfaceOrientationLandscapeRight";
				LD_RUNPATH_SEARCH_PATHS = (
					"$(inherited)",
					"@executable_path/Frameworks",
				);
				MARKETING_VERSION = 1.0;
				PRODUCT_BUNDLE_IDENTIFIER = User.DemoSOILD;
				PRODUCT_NAME = "$(TARGET_NAME)";
				SWIFT_EMIT_LOC_STRINGS = YES;
				SWIFT_VERSION = 5.0;
				TARGETED_DEVICE_FAMILY = "1,2";
			};
			name = Debug;
		};
		CEF46ECE2F51C5310042B31A /* Release */ = {
			isa = XCBuildConfiguration;
			buildSettings = {
				ASSETCATALOG_COMPILER_APPICON_NAME = AppIcon;
				ASSETCATALOG_COMPILER_GLOBAL_ACCENT_COLOR_NAME = AccentColor;
				CODE_SIGN_STYLE = Automatic;
				CURRENT_PROJECT_VERSION = 1;
				DEVELOPMENT_ASSET_PATHS = "\"DemoSOILD/Preview Content\"";
				ENABLE_PREVIEWS = YES;
				GENERATE_INFOPLIST_FILE = YES;
				INFOPLIST_KEY_UIApplicationSceneManifest_Generation = YES;
				INFOPLIST_KEY_UIApplicationSupportsIndirectInputEvents = YES;
				INFOPLIST_KEY_UILaunchScreen_Generation = YES;
				INFOPLIST_KEY_UISupportedInterfaceOrientations_iPad = "UIInterfaceOrientationPortrait UIInterfaceOrientationPortraitUpsideDown UIInterfaceOrientationLandscapeLeft UIInterfaceOrientationLandscapeRight";
				INFOPLIST_KEY_UISupportedInterfaceOrientations_iPhone = "UIInterfaceOrientationPortrait UIInterfaceOrientationLandscapeLeft UIInterfaceOrientationLandscapeRight";
				LD_RUNPATH_SEARCH_PATHS = (
					"$(inherited)",
					"@executable_path/Frameworks",
				);
				MARKETING_VERSION = 1.0;
				PRODUCT_BUNDLE_IDENTIFIER = User.DemoSOILD;
				PRODUCT_NAME = "$(TARGET_NAME)";
				SWIFT_EMIT_LOC_STRINGS = YES;
				SWIFT_VERSION = 5.0;
				TARGETED_DEVICE_FAMILY = "1,2";
			};
			name = Release;
		};
		CEF46ED02F51C5310042B31A /* Debug */ = {
			isa = XCBuildConfiguration;
			buildSettings = {
				BUNDLE_LOADER = "$(TEST_HOST)";
				CODE_SIGN_STYLE = Automatic;
				CURRENT_PROJECT_VERSION = 1;
				GENERATE_INFOPLIST_FILE = YES;
				IPHONEOS_DEPLOYMENT_TARGET = 18.2;
				MARKETING_VERSION = 1.0;
				PRODUCT_BUNDLE_IDENTIFIER = User.DemoSOILDTests;
				PRODUCT_NAME = "$(TARGET_NAME)";
				SWIFT_EMIT_LOC_STRINGS = NO;
				SWIFT_VERSION = 5.0;
				TARGETED_DEVICE_FAMILY = "1,2";
				TEST_HOST = "$(BUILT_PRODUCTS_DIR)/DemoSOILD.app/$(BUNDLE_EXECUTABLE_FOLDER_PATH)/DemoSOILD";
			};
			name = Debug;
		};
		CEF46ED12F51C5310042B31A /* Release */ = {
			isa = XCBuildConfiguration;
			buildSettings = {
				BUNDLE_LOADER = "$(TEST_HOST)";
				CODE_SIGN_STYLE = Automatic;
				CURRENT_PROJECT_VERSION = 1;
				GENERATE_INFOPLIST_FILE = YES;
				IPHONEOS_DEPLOYMENT_TARGET = 18.2;
				MARKETING_VERSION = 1.0;
				PRODUCT_BUNDLE_IDENTIFIER = User.DemoSOILDTests;
				PRODUCT_NAME = "$(TARGET_NAME)";
				SWIFT_EMIT_LOC_STRINGS = NO;
				SWIFT_VERSION = 5.0;
				TARGETED_DEVICE_FAMILY = "1,2";
				TEST_HOST = "$(BUILT_PRODUCTS_DIR)/DemoSOILD.app/$(BUNDLE_EXECUTABLE_FOLDER_PATH)/DemoSOILD";
			};
			name = Release;
		};
		CEF46ED32F51C5310042B31A /* Debug */ = {
			isa = XCBuildConfiguration;
			buildSettings = {
				CODE_SIGN_STYLE = Automatic;
				CURRENT_PROJECT_VERSION = 1;
				GENERATE_INFOPLIST_FILE = YES;
				MARKETING_VERSION = 1.0;
				PRODUCT_BUNDLE_IDENTIFIER = User.DemoSOILDUITests;
				PRODUCT_NAME = "$(TARGET_NAME)";
				SWIFT_EMIT_LOC_STRINGS = NO;
				SWIFT_VERSION = 5.0;
				TARGETED_DEVICE_FAMILY = "1,2";
				TEST_TARGET_NAME = DemoSOILD;
			};
			name = Debug;
		};
		CEF46ED42F51C5310042B31A /* Release */ = {
			isa = XCBuildConfiguration;
			buildSettings = {
				CODE_SIGN_STYLE = Automatic;
				CURRENT_PROJECT_VERSION = 1;
				GENERATE_INFOPLIST_FILE = YES;
				MARKETING_VERSION = 1.0;
				PRODUCT_BUNDLE_IDENTIFIER = User.DemoSOILDUITests;
				PRODUCT_NAME = "$(TARGET_NAME)";
				SWIFT_EMIT_LOC_STRINGS = NO;
				SWIFT_VERSION = 5.0;
				TARGETED_DEVICE_FAMILY = "1,2";
				TEST_TARGET_NAME = DemoSOILD;
			};
			name = Release;
		};
/* End XCBuildConfiguration section */

/* Begin XCConfigurationList section */
		CEF46EA32F51C52E0042B31A /* Build configuration list for PBXProject "DemoSOILD" */ = {
			isa = XCConfigurationList;
			buildConfigurations = (
				CEF46ECA2F51C5310042B31A /* Debug */,
				CEF46ECB2F51C5310042B31A /* Release */,
			);
			defaultConfigurationIsVisible = 0;
			defaultConfigurationName = Release;
		};
		CEF46ECC2F51C5310042B31A /* Build configuration list for PBXNativeTarget "DemoSOILD" */ = {
			isa = XCConfigurationList;
			buildConfigurations = (
				CEF46ECD2F51C5310042B31A /* Debug */,
				CEF46ECE2F51C5310042B31A /* Release */,
			);
			defaultConfigurationIsVisible = 0;
			defaultConfigurationName = Release;
		};
		CEF46ECF2F51C5310042B31A /* Build configuration list for PBXNativeTarget "DemoSOILDTests" */ = {
			isa = XCConfigurationList;
			buildConfigurations = (
				CEF46ED02F51C5310042B31A /* Debug */,
				CEF46ED12F51C5310042B31A /* Release */,
			);
			defaultConfigurationIsVisible = 0;
			defaultConfigurationName = Release;
		};
		CEF46ED22F51C5310042B31A /* Build configuration list for PBXNativeTarget "DemoSOILDUITests" */ = {
			isa = XCConfigurationList;
			buildConfigurations = (
				CEF46ED32F51C5310042B31A /* Debug */,
				CEF46ED42F51C5310042B31A /* Release */,
			);
			defaultConfigurationIsVisible = 0;
			defaultConfigurationName = Release;
		};
/* End XCConfigurationList section */
	};
	rootObject = CEF46EA02F51C52E0042B31A /* Project object */;
}
